// !$*UTF8*$!
{
	archiveVersion = 1;
	classes = {
	};
	objectVersion = 46;
	objects = {

/* Begin PBXBuildFile section */
		3967989DC2513E8C7865A3DD /* Pods_EventGo.framework in Frameworks */ = {isa = PBXBuildFile; fileRef = 5A8DCD6C79D17AC28E60B77E /* Pods_EventGo.framework */; };
		D016A0851E61B34200E66331 /* EGoPopupView.swift in Sources */ = {isa = PBXBuildFile; fileRef = D016A0841E61B34200E66331 /* EGoPopupView.swift */; };
		D0254BD91E603B0800AC7792 /* InfoStoreViewController.swift in Sources */ = {isa = PBXBuildFile; fileRef = D0254BD81E603B0800AC7792 /* InfoStoreViewController.swift */; };
		D03523F11E5FC7CE0092B3BE /* Bolts.framework in Frameworks */ = {isa = PBXBuildFile; fileRef = D03523F01E5FC7CE0092B3BE /* Bolts.framework */; };
		D03523F51E5FC7F50092B3BE /* FBSDKCoreKit.framework in Frameworks */ = {isa = PBXBuildFile; fileRef = D03523F21E5FC7F50092B3BE /* FBSDKCoreKit.framework */; };
		D03523F61E5FC7F50092B3BE /* FBSDKLoginKit.framework in Frameworks */ = {isa = PBXBuildFile; fileRef = D03523F31E5FC7F50092B3BE /* FBSDKLoginKit.framework */; };
		D03523F71E5FC7F50092B3BE /* FBSDKShareKit.framework in Frameworks */ = {isa = PBXBuildFile; fileRef = D03523F41E5FC7F50092B3BE /* FBSDKShareKit.framework */; };
		D03523F91E5FCDFD0092B3BE /* Extention.swift in Sources */ = {isa = PBXBuildFile; fileRef = D03523F81E5FCDFD0092B3BE /* Extention.swift */; };
		D0568EC71E62967E00727BD5 /* SCLAlertView.swift in Sources */ = {isa = PBXBuildFile; fileRef = D0568EC51E62967E00727BD5 /* SCLAlertView.swift */; };
		D0568EC81E62967E00727BD5 /* SCLExtensions.swift in Sources */ = {isa = PBXBuildFile; fileRef = D0568EC61E62967E00727BD5 /* SCLExtensions.swift */; };
		D0DA8FC01E5E987200B19B5A /* AppDelegate.swift in Sources */ = {isa = PBXBuildFile; fileRef = D0DA8FBF1E5E987200B19B5A /* AppDelegate.swift */; };
		D0DA8FD91E5E996600B19B5A /* LaunchScreen.storyboard in Resources */ = {isa = PBXBuildFile; fileRef = D0DA8FD51E5E996600B19B5A /* LaunchScreen.storyboard */; };
		D0DA8FDA1E5E996600B19B5A /* Main.storyboard in Resources */ = {isa = PBXBuildFile; fileRef = D0DA8FD71E5E996600B19B5A /* Main.storyboard */; };
		D0DA8FE41E5E9E1900B19B5A /* Assets.xcassets in Resources */ = {isa = PBXBuildFile; fileRef = D0DA8FE31E5E9E1900B19B5A /* Assets.xcassets */; };
		D0DA8FF21E5EA05300B19B5A /* LoginViewController.swift in Sources */ = {isa = PBXBuildFile; fileRef = D0DA8FF11E5EA05300B19B5A /* LoginViewController.swift */; };
		D0DA8FF71E5EA0A900B19B5A /* StoreCollectionViewCell.swift in Sources */ = {isa = PBXBuildFile; fileRef = D0DA8FF41E5EA0A900B19B5A /* StoreCollectionViewCell.swift */; };
		D0DA8FF81E5EA0A900B19B5A /* StoreCollectionViewController.swift in Sources */ = {isa = PBXBuildFile; fileRef = D0DA8FF51E5EA0A900B19B5A /* StoreCollectionViewController.swift */; };
		D0DA8FF91E5EA0A900B19B5A /* StoreHeaderView.swift in Sources */ = {isa = PBXBuildFile; fileRef = D0DA8FF61E5EA0A900B19B5A /* StoreHeaderView.swift */; };
		D0DA8FFB1E5EA12C00B19B5A /* CellModel.swift in Sources */ = {isa = PBXBuildFile; fileRef = D0DA8FFA1E5EA12C00B19B5A /* CellModel.swift */; };
		D0DBB2361E61261400F980F9 /* EGItemStoreView.xib in Resources */ = {isa = PBXBuildFile; fileRef = D0DBB2351E61261400F980F9 /* EGItemStoreView.xib */; };
		D0DBB2381E612A8400F980F9 /* EGItemStoreView.swift in Sources */ = {isa = PBXBuildFile; fileRef = D0DBB2371E612A8400F980F9 /* EGItemStoreView.swift */; };
		D0DBB23B1E6154C800F980F9 /* EGoButtonModel.swift in Sources */ = {isa = PBXBuildFile; fileRef = D0DBB23A1E6154C800F980F9 /* EGoButtonModel.swift */; };
/* End PBXBuildFile section */

/* Begin PBXFileReference section */
		03EDCB2E4ABB23EA5406B837 /* Pods-EventGo.debug.xcconfig */ = {isa = PBXFileReference; includeInIndex = 1; lastKnownFileType = text.xcconfig; name = "Pods-EventGo.debug.xcconfig"; path = "Pods/Target Support Files/Pods-EventGo/Pods-EventGo.debug.xcconfig"; sourceTree = "<group>"; };
		5A8DCD6C79D17AC28E60B77E /* Pods_EventGo.framework */ = {isa = PBXFileReference; explicitFileType = wrapper.framework; includeInIndex = 0; path = Pods_EventGo.framework; sourceTree = BUILT_PRODUCTS_DIR; };
		8E2F30970445EF7AB97DAA17 /* Pods-EventGo.release.xcconfig */ = {isa = PBXFileReference; includeInIndex = 1; lastKnownFileType = text.xcconfig; name = "Pods-EventGo.release.xcconfig"; path = "Pods/Target Support Files/Pods-EventGo/Pods-EventGo.release.xcconfig"; sourceTree = "<group>"; };
		D016A0841E61B34200E66331 /* EGoPopupView.swift */ = {isa = PBXFileReference; fileEncoding = 4; lastKnownFileType = sourcecode.swift; path = EGoPopupView.swift; sourceTree = "<group>"; };
		D0254BD81E603B0800AC7792 /* InfoStoreViewController.swift */ = {isa = PBXFileReference; fileEncoding = 4; lastKnownFileType = sourcecode.swift; path = InfoStoreViewController.swift; sourceTree = "<group>"; };
		D03523F01E5FC7CE0092B3BE /* Bolts.framework */ = {isa = PBXFileReference; lastKnownFileType = wrapper.framework; path = Bolts.framework; sourceTree = "<group>"; };
		D03523F21E5FC7F50092B3BE /* FBSDKCoreKit.framework */ = {isa = PBXFileReference; lastKnownFileType = wrapper.framework; path = FBSDKCoreKit.framework; sourceTree = "<group>"; };
		D03523F31E5FC7F50092B3BE /* FBSDKLoginKit.framework */ = {isa = PBXFileReference; lastKnownFileType = wrapper.framework; path = FBSDKLoginKit.framework; sourceTree = "<group>"; };
		D03523F41E5FC7F50092B3BE /* FBSDKShareKit.framework */ = {isa = PBXFileReference; lastKnownFileType = wrapper.framework; path = FBSDKShareKit.framework; sourceTree = "<group>"; };
		D03523F81E5FCDFD0092B3BE /* Extention.swift */ = {isa = PBXFileReference; fileEncoding = 4; lastKnownFileType = sourcecode.swift; path = Extention.swift; sourceTree = "<group>"; };
		D0568EC51E62967E00727BD5 /* SCLAlertView.swift */ = {isa = PBXFileReference; fileEncoding = 4; lastKnownFileType = sourcecode.swift; path = SCLAlertView.swift; sourceTree = "<group>"; };
		D0568EC61E62967E00727BD5 /* SCLExtensions.swift */ = {isa = PBXFileReference; fileEncoding = 4; lastKnownFileType = sourcecode.swift; path = SCLExtensions.swift; sourceTree = "<group>"; };
		D0DA8FBC1E5E987200B19B5A /* EventGo.app */ = {isa = PBXFileReference; explicitFileType = wrapper.application; includeInIndex = 0; path = EventGo.app; sourceTree = BUILT_PRODUCTS_DIR; };
		D0DA8FBF1E5E987200B19B5A /* AppDelegate.swift */ = {isa = PBXFileReference; lastKnownFileType = sourcecode.swift; path = AppDelegate.swift; sourceTree = "<group>"; };
		D0DA8FCB1E5E987200B19B5A /* Info.plist */ = {isa = PBXFileReference; lastKnownFileType = text.plist.xml; path = Info.plist; sourceTree = "<group>"; };
		D0DA8FD61E5E996600B19B5A /* Base */ = {isa = PBXFileReference; lastKnownFileType = file.storyboard; name = Base; path = Base.lproj/LaunchScreen.storyboard; sourceTree = "<group>"; };
		D0DA8FD81E5E996600B19B5A /* Base */ = {isa = PBXFileReference; lastKnownFileType = file.storyboard; name = Base; path = Base.lproj/Main.storyboard; sourceTree = "<group>"; };
		D0DA8FE31E5E9E1900B19B5A /* Assets.xcassets */ = {isa = PBXFileReference; lastKnownFileType = folder.assetcatalog; path = Assets.xcassets; sourceTree = "<group>"; };
		D0DA8FF11E5EA05300B19B5A /* LoginViewController.swift */ = {isa = PBXFileReference; fileEncoding = 4; lastKnownFileType = sourcecode.swift; path = LoginViewController.swift; sourceTree = "<group>"; };
		D0DA8FF41E5EA0A900B19B5A /* StoreCollectionViewCell.swift */ = {isa = PBXFileReference; fileEncoding = 4; lastKnownFileType = sourcecode.swift; path = StoreCollectionViewCell.swift; sourceTree = "<group>"; };
		D0DA8FF51E5EA0A900B19B5A /* StoreCollectionViewController.swift */ = {isa = PBXFileReference; fileEncoding = 4; lastKnownFileType = sourcecode.swift; path = StoreCollectionViewController.swift; sourceTree = "<group>"; };
		D0DA8FF61E5EA0A900B19B5A /* StoreHeaderView.swift */ = {isa = PBXFileReference; fileEncoding = 4; lastKnownFileType = sourcecode.swift; path = StoreHeaderView.swift; sourceTree = "<group>"; };
		D0DA8FFA1E5EA12C00B19B5A /* CellModel.swift */ = {isa = PBXFileReference; fileEncoding = 4; lastKnownFileType = sourcecode.swift; path = CellModel.swift; sourceTree = "<group>"; };
		D0DBB2351E61261400F980F9 /* EGItemStoreView.xib */ = {isa = PBXFileReference; fileEncoding = 4; lastKnownFileType = file.xib; path = EGItemStoreView.xib; sourceTree = "<group>"; };
		D0DBB2371E612A8400F980F9 /* EGItemStoreView.swift */ = {isa = PBXFileReference; fileEncoding = 4; lastKnownFileType = sourcecode.swift; path = EGItemStoreView.swift; sourceTree = "<group>"; };
		D0DBB23A1E6154C800F980F9 /* EGoButtonModel.swift */ = {isa = PBXFileReference; fileEncoding = 4; lastKnownFileType = sourcecode.swift; path = EGoButtonModel.swift; sourceTree = "<group>"; };
/* End PBXFileReference section */

/* Begin PBXFrameworksBuildPhase section */
		D0DA8FB91E5E987200B19B5A /* Frameworks */ = {
			isa = PBXFrameworksBuildPhase;
			buildActionMask = 2147483647;
			files = (
				3967989DC2513E8C7865A3DD /* Pods_EventGo.framework in Frameworks */,
				D03523F51E5FC7F50092B3BE /* FBSDKCoreKit.framework in Frameworks */,
				D03523F71E5FC7F50092B3BE /* FBSDKShareKit.framework in Frameworks */,
				D03523F61E5FC7F50092B3BE /* FBSDKLoginKit.framework in Frameworks */,
				D03523F11E5FC7CE0092B3BE /* Bolts.framework in Frameworks */,
			);
			runOnlyForDeploymentPostprocessing = 0;
		};
/* End PBXFrameworksBuildPhase section */

/* Begin PBXGroup section */
		7FBDE06C13EBC1A765FE7CAE /* Frameworks */ = {
			isa = PBXGroup;
			children = (
				5A8DCD6C79D17AC28E60B77E /* Pods_EventGo.framework */,
				D03523F21E5FC7F50092B3BE /* FBSDKCoreKit.framework */,
				D03523F31E5FC7F50092B3BE /* FBSDKLoginKit.framework */,
				D03523F41E5FC7F50092B3BE /* FBSDKShareKit.framework */,
				D03523F01E5FC7CE0092B3BE /* Bolts.framework */,
			);
			name = Frameworks;
			sourceTree = "<group>";
		};
		D016A0831E61B2B000E66331 /* EGCustomPopup */ = {
			isa = PBXGroup;
			children = (
			);
			path = EGCustomPopup;
			sourceTree = "<group>";
		};
		D0254BC91E60152C00AC7792 /* ModelView */ = {
			isa = PBXGroup;
			children = (
				D016A0831E61B2B000E66331 /* EGCustomPopup */,
				D0DBB2351E61261400F980F9 /* EGItemStoreView.xib */,
				D0DBB2371E612A8400F980F9 /* EGItemStoreView.swift */,
			);
			path = ModelView;
			sourceTree = "<group>";
		};
		D0568EC41E62967E00727BD5 /* SCLAlertView */ = {
			isa = PBXGroup;
			children = (
				D0568EC51E62967E00727BD5 /* SCLAlertView.swift */,
				D0568EC61E62967E00727BD5 /* SCLExtensions.swift */,
			);
			path = SCLAlertView;
			sourceTree = "<group>";
		};
		D0DA8FB31E5E987200B19B5A = {
			isa = PBXGroup;
			children = (
				D0DA8FBE1E5E987200B19B5A /* EventGo */,
				D0DA8FBD1E5E987200B19B5A /* Products */,
				DE0A939C7AB0D3B6D51A9495 /* Pods */,
				7FBDE06C13EBC1A765FE7CAE /* Frameworks */,
			);
			sourceTree = "<group>";
		};
		D0DA8FBD1E5E987200B19B5A /* Products */ = {
			isa = PBXGroup;
			children = (
				D0DA8FBC1E5E987200B19B5A /* EventGo.app */,
			);
			name = Products;
			sourceTree = "<group>";
		};
		D0DA8FBE1E5E987200B19B5A /* EventGo */ = {
			isa = PBXGroup;
			children = (
				D0DA8FCB1E5E987200B19B5A /* Info.plist */,
				D0DA8FBF1E5E987200B19B5A /* AppDelegate.swift */,
				D0568EC41E62967E00727BD5 /* SCLAlertView */,
				D0DA8FDF1E5E9A9B00B19B5A /* ModelClass */,
				D0DA8FD41E5E996600B19B5A /* View */,
				D0DA8FD11E5E990E00B19B5A /* Controller */,
				D0DA8FDE1E5E9A4D00B19B5A /* Utility */,
				D0DBB1EF1E6120DB00F980F9 /* Frameworks */,
				D0DA8FE21E5E9E1900B19B5A /* MediaSource */,
			);
			path = EventGo;
			sourceTree = "<group>";
		};
		D0DA8FD11E5E990E00B19B5A /* Controller */ = {
			isa = PBXGroup;
			children = (
				D0DA8FF31E5EA0A900B19B5A /* StoreController */,
				D0DA8FF01E5EA05300B19B5A /* LoginViewController */,
				D0254BD81E603B0800AC7792 /* InfoStoreViewController.swift */,
			);
			path = Controller;
			sourceTree = "<group>";
		};
		D0DA8FD41E5E996600B19B5A /* View */ = {
			isa = PBXGroup;
			children = (
				D0254BC91E60152C00AC7792 /* ModelView */,
				D0DA8FD51E5E996600B19B5A /* LaunchScreen.storyboard */,
				D0DA8FD71E5E996600B19B5A /* Main.storyboard */,
			);
			path = View;
			sourceTree = "<group>";
		};
		D0DA8FDE1E5E9A4D00B19B5A /* Utility */ = {
			isa = PBXGroup;
			children = (
				D03523F81E5FCDFD0092B3BE /* Extention.swift */,
			);
			path = Utility;
			sourceTree = "<group>";
		};
		D0DA8FDF1E5E9A9B00B19B5A /* ModelClass */ = {
			isa = PBXGroup;
			children = (
				D0DA8FFA1E5EA12C00B19B5A /* CellModel.swift */,
				D0DBB23A1E6154C800F980F9 /* EGoButtonModel.swift */,
				D016A0841E61B34200E66331 /* EGoPopupView.swift */,
			);
			path = ModelClass;
			sourceTree = "<group>";
		};
		D0DA8FE21E5E9E1900B19B5A /* MediaSource */ = {
			isa = PBXGroup;
			children = (
				D0DA8FE31E5E9E1900B19B5A /* Assets.xcassets */,
			);
			name = MediaSource;
			path = Utility/MediaSource;
			sourceTree = "<group>";
		};
		D0DA8FF01E5EA05300B19B5A /* LoginViewController */ = {
			isa = PBXGroup;
			children = (
				D0DA8FF11E5EA05300B19B5A /* LoginViewController.swift */,
			);
			path = LoginViewController;
			sourceTree = "<group>";
		};
		D0DA8FF31E5EA0A900B19B5A /* StoreController */ = {
			isa = PBXGroup;
			children = (
				D0DA8FF41E5EA0A900B19B5A /* StoreCollectionViewCell.swift */,
				D0DA8FF51E5EA0A900B19B5A /* StoreCollectionViewController.swift */,
				D0DA8FF61E5EA0A900B19B5A /* StoreHeaderView.swift */,
			);
			path = StoreController;
			sourceTree = "<group>";
		};
		D0DBB1EF1E6120DB00F980F9 /* Frameworks */ = {
			isa = PBXGroup;
			children = (
			);
			path = Frameworks;
			sourceTree = "<group>";
		};
		DE0A939C7AB0D3B6D51A9495 /* Pods */ = {
			isa = PBXGroup;
			children = (
				03EDCB2E4ABB23EA5406B837 /* Pods-EventGo.debug.xcconfig */,
				8E2F30970445EF7AB97DAA17 /* Pods-EventGo.release.xcconfig */,
			);
			name = Pods;
			sourceTree = "<group>";
		};
/* End PBXGroup section */

/* Begin PBXNativeTarget section */
		D0DA8FBB1E5E987200B19B5A /* EventGo */ = {
			isa = PBXNativeTarget;
			buildConfigurationList = D0DA8FCE1E5E987200B19B5A /* Build configuration list for PBXNativeTarget "EventGo" */;
			buildPhases = (
				6536BA616A1DCEEF8E3614FA /* [CP] Check Pods Manifest.lock */,
				D0DA8FB81E5E987200B19B5A /* Sources */,
				D0DA8FB91E5E987200B19B5A /* Frameworks */,
				D0DA8FBA1E5E987200B19B5A /* Resources */,
				0A1C07A69FC3BDD083D8912F /* [CP] Embed Pods Frameworks */,
				D8FCF69582809246B4A1A45D /* [CP] Copy Pods Resources */,
			);
			buildRules = (
			);
			dependencies = (
			);
			name = EventGo;
			productName = EventGo;
			productReference = D0DA8FBC1E5E987200B19B5A /* EventGo.app */;
			productType = "com.apple.product-type.application";
		};
/* End PBXNativeTarget section */

/* Begin PBXProject section */
		D0DA8FB41E5E987200B19B5A /* Project object */ = {
			isa = PBXProject;
			attributes = {
				LastSwiftUpdateCheck = 0820;
				LastUpgradeCheck = 0820;
				ORGANIZATIONNAME = "Nguyen Xuan Thai";
				TargetAttributes = {
					D0DA8FBB1E5E987200B19B5A = {
						CreatedOnToolsVersion = 8.2.1;
						DevelopmentTeam = A2NR73B2X5;
						ProvisioningStyle = Automatic;
					};
				};
			};
			buildConfigurationList = D0DA8FB71E5E987200B19B5A /* Build configuration list for PBXProject "EventGo" */;
			compatibilityVersion = "Xcode 3.2";
			developmentRegion = English;
			hasScannedForEncodings = 0;
			knownRegions = (
				en,
				Base,
			);
			mainGroup = D0DA8FB31E5E987200B19B5A;
			productRefGroup = D0DA8FBD1E5E987200B19B5A /* Products */;
			projectDirPath = "";
			projectRoot = "";
			targets = (
				D0DA8FBB1E5E987200B19B5A /* EventGo */,
			);
		};
/* End PBXProject section */

/* Begin PBXResourcesBuildPhase section */
		D0DA8FBA1E5E987200B19B5A /* Resources */ = {
			isa = PBXResourcesBuildPhase;
			buildActionMask = 2147483647;
			files = (
				D0DA8FDA1E5E996600B19B5A /* Main.storyboard in Resources */,
				D0DA8FE41E5E9E1900B19B5A /* Assets.xcassets in Resources */,
				D0DA8FD91E5E996600B19B5A /* LaunchScreen.storyboard in Resources */,
				D0DBB2361E61261400F980F9 /* EGItemStoreView.xib in Resources */,
			);
			runOnlyForDeploymentPostprocessing = 0;
		};
/* End PBXResourcesBuildPhase section */

/* Begin PBXShellScriptBuildPhase section */
		0A1C07A69FC3BDD083D8912F /* [CP] Embed Pods Frameworks */ = {
			isa = PBXShellScriptBuildPhase;
			buildActionMask = 2147483647;
			files = (
			);
			inputPaths = (
			);
			name = "[CP] Embed Pods Frameworks";
			outputPaths = (
			);
			runOnlyForDeploymentPostprocessing = 0;
			shellPath = /bin/sh;
			shellScript = "\"${SRCROOT}/Pods/Target Support Files/Pods-EventGo/Pods-EventGo-frameworks.sh\"\n";
			showEnvVarsInLog = 0;
		};
		6536BA616A1DCEEF8E3614FA /* [CP] Check Pods Manifest.lock */ = {
			isa = PBXShellScriptBuildPhase;
			buildActionMask = 2147483647;
			files = (
			);
			inputPaths = (
			);
			name = "[CP] Check Pods Manifest.lock";
			outputPaths = (
			);
			runOnlyForDeploymentPostprocessing = 0;
			shellPath = /bin/sh;
			shellScript = "diff \"${PODS_ROOT}/../Podfile.lock\" \"${PODS_ROOT}/Manifest.lock\" > /dev/null\nif [ $? != 0 ] ; then\n    # print error to STDERR\n    echo \"error: The sandbox is not in sync with the Podfile.lock. Run 'pod install' or update your CocoaPods installation.\" >&2\n    exit 1\nfi\n";
			showEnvVarsInLog = 0;
		};
		D8FCF69582809246B4A1A45D /* [CP] Copy Pods Resources */ = {
			isa = PBXShellScriptBuildPhase;
			buildActionMask = 2147483647;
			files = (
			);
			inputPaths = (
			);
			name = "[CP] Copy Pods Resources";
			outputPaths = (
			);
			runOnlyForDeploymentPostprocessing = 0;
			shellPath = /bin/sh;
			shellScript = "\"${SRCROOT}/Pods/Target Support Files/Pods-EventGo/Pods-EventGo-resources.sh\"\n";
			showEnvVarsInLog = 0;
		};
/* End PBXShellScriptBuildPhase section */

/* Begin PBXSourcesBuildPhase section */
		D0DA8FB81E5E987200B19B5A /* Sources */ = {
			isa = PBXSourcesBuildPhase;
			buildActionMask = 2147483647;
			files = (
				D016A0851E61B34200E66331 /* EGoPopupView.swift in Sources */,
				D0254BD91E603B0800AC7792 /* InfoStoreViewController.swift in Sources */,
				D0DBB23B1E6154C800F980F9 /* EGoButtonModel.swift in Sources */,
				D0DBB2381E612A8400F980F9 /* EGItemStoreView.swift in Sources */,
				D0DA8FF21E5EA05300B19B5A /* LoginViewController.swift in Sources */,
				D0DA8FF71E5EA0A900B19B5A /* StoreCollectionViewCell.swift in Sources */,
				D0DA8FF91E5EA0A900B19B5A /* StoreHeaderView.swift in Sources */,
				D0DA8FF81E5EA0A900B19B5A /* StoreCollectionViewController.swift in Sources */,
				D0DA8FC01E5E987200B19B5A /* AppDelegate.swift in Sources */,
				D0DA8FFB1E5EA12C00B19B5A /* CellModel.swift in Sources */,
				D0568EC81E62967E00727BD5 /* SCLExtensions.swift in Sources */,
				D0568EC71E62967E00727BD5 /* SCLAlertView.swift in Sources */,
				D03523F91E5FCDFD0092B3BE /* Extention.swift in Sources */,
			);
			runOnlyForDeploymentPostprocessing = 0;
		};
/* End PBXSourcesBuildPhase section */

/* Begin PBXVariantGroup section */
		D0DA8FD51E5E996600B19B5A /* LaunchScreen.storyboard */ = {
			isa = PBXVariantGroup;
			children = (
				D0DA8FD61E5E996600B19B5A /* Base */,
			);
			name = LaunchScreen.storyboard;
			sourceTree = "<group>";
		};
		D0DA8FD71E5E996600B19B5A /* Main.storyboard */ = {
			isa = PBXVariantGroup;
			children = (
				D0DA8FD81E5E996600B19B5A /* Base */,
			);
			name = Main.storyboard;
			sourceTree = "<group>";
		};
/* End PBXVariantGroup section */

/* Begin XCBuildConfiguration section */
		D0DA8FCC1E5E987200B19B5A /* Debug */ = {
			isa = XCBuildConfiguration;
			buildSettings = {
				ALWAYS_SEARCH_USER_PATHS = NO;
				CLANG_ANALYZER_NONNULL = YES;
				CLANG_CXX_LANGUAGE_STANDARD = "gnu++0x";
				CLANG_CXX_LIBRARY = "libc++";
				CLANG_ENABLE_MODULES = YES;
				CLANG_ENABLE_OBJC_ARC = YES;
				CLANG_WARN_BOOL_CONVERSION = YES;
				CLANG_WARN_CONSTANT_CONVERSION = YES;
				CLANG_WARN_DIRECT_OBJC_ISA_USAGE = YES_ERROR;
				CLANG_WARN_DOCUMENTATION_COMMENTS = YES;
				CLANG_WARN_EMPTY_BODY = YES;
				CLANG_WARN_ENUM_CONVERSION = YES;
				CLANG_WARN_INFINITE_RECURSION = YES;
				CLANG_WARN_INT_CONVERSION = YES;
				CLANG_WARN_OBJC_ROOT_CLASS = YES_ERROR;
				CLANG_WARN_SUSPICIOUS_MOVE = YES;
				CLANG_WARN_UNREACHABLE_CODE = YES;
				CLANG_WARN__DUPLICATE_METHOD_MATCH = YES;
				"CODE_SIGN_IDENTITY[sdk=iphoneos*]" = "iPhone Developer";
				COPY_PHASE_STRIP = NO;
				DEBUG_INFORMATION_FORMAT = dwarf;
				ENABLE_STRICT_OBJC_MSGSEND = YES;
				ENABLE_TESTABILITY = YES;
				GCC_C_LANGUAGE_STANDARD = gnu99;
				GCC_DYNAMIC_NO_PIC = NO;
				GCC_NO_COMMON_BLOCKS = YES;
				GCC_OPTIMIZATION_LEVEL = 0;
				GCC_PREPROCESSOR_DEFINITIONS = (
					"DEBUG=1",
					"$(inherited)",
				);
				GCC_WARN_64_TO_32_BIT_CONVERSION = YES;
				GCC_WARN_ABOUT_RETURN_TYPE = YES_ERROR;
				GCC_WARN_UNDECLARED_SELECTOR = YES;
				GCC_WARN_UNINITIALIZED_AUTOS = YES_AGGRESSIVE;
				GCC_WARN_UNUSED_FUNCTION = YES;
				GCC_WARN_UNUSED_VARIABLE = YES;
				IPHONEOS_DEPLOYMENT_TARGET = 10.2;
				MTL_ENABLE_DEBUG_INFO = YES;
				ONLY_ACTIVE_ARCH = YES;
				SDKROOT = iphoneos;
				SWIFT_ACTIVE_COMPILATION_CONDITIONS = DEBUG;
				SWIFT_OPTIMIZATION_LEVEL = "-Onone";
				TARGETED_DEVICE_FAMILY = "1,2";
			};
			name = Debug;
		};
		D0DA8FCD1E5E987200B19B5A /* Release */ = {
			isa = XCBuildConfiguration;
			buildSettings = {
				ALWAYS_SEARCH_USER_PATHS = NO;
				CLANG_ANALYZER_NONNULL = YES;
				CLANG_CXX_LANGUAGE_STANDARD = "gnu++0x";
				CLANG_CXX_LIBRARY = "libc++";
				CLANG_ENABLE_MODULES = YES;
				CLANG_ENABLE_OBJC_ARC = YES;
				CLANG_WARN_BOOL_CONVERSION = YES;
				CLANG_WARN_CONSTANT_CONVERSION = YES;
				CLANG_WARN_DIRECT_OBJC_ISA_USAGE = YES_ERROR;
				CLANG_WARN_DOCUMENTATION_COMMENTS = YES;
				CLANG_WARN_EMPTY_BODY = YES;
				CLANG_WARN_ENUM_CONVERSION = YES;
				CLANG_WARN_INFINITE_RECURSION = YES;
				CLANG_WARN_INT_CONVERSION = YES;
				CLANG_WARN_OBJC_ROOT_CLASS = YES_ERROR;
				CLANG_WARN_SUSPICIOUS_MOVE = YES;
				CLANG_WARN_UNREACHABLE_CODE = YES;
				CLANG_WARN__DUPLICATE_METHOD_MATCH = YES;
				"CODE_SIGN_IDENTITY[sdk=iphoneos*]" = "iPhone Developer";
				COPY_PHASE_STRIP = NO;
				DEBUG_INFORMATION_FORMAT = "dwarf-with-dsym";
				ENABLE_NS_ASSERTIONS = NO;
				ENABLE_STRICT_OBJC_MSGSEND = YES;
				GCC_C_LANGUAGE_STANDARD = gnu99;
				GCC_NO_COMMON_BLOCKS = YES;
				GCC_WARN_64_TO_32_BIT_CONVERSION = YES;
				GCC_WARN_ABOUT_RETURN_TYPE = YES_ERROR;
				GCC_WARN_UNDECLARED_SELECTOR = YES;
				GCC_WARN_UNINITIALIZED_AUTOS = YES_AGGRESSIVE;
				GCC_WARN_UNUSED_FUNCTION = YES;
				GCC_WARN_UNUSED_VARIABLE = YES;
				IPHONEOS_DEPLOYMENT_TARGET = 10.2;
				MTL_ENABLE_DEBUG_INFO = NO;
				SDKROOT = iphoneos;
				SWIFT_OPTIMIZATION_LEVEL = "-Owholemodule";
				TARGETED_DEVICE_FAMILY = "1,2";
				VALIDATE_PRODUCT = YES;
			};
			name = Release;
		};
		D0DA8FCF1E5E987200B19B5A /* Debug */ = {
			isa = XCBuildConfiguration;
			baseConfigurationReference = 03EDCB2E4ABB23EA5406B837 /* Pods-EventGo.debug.xcconfig */;
			buildSettings = {
				ASSETCATALOG_COMPILER_APPICON_NAME = AppIcon;
				DEVELOPMENT_TEAM = A2NR73B2X5;
				FRAMEWORK_SEARCH_PATHS = (
					"$(inherited)",
					"$(PROJECT_DIR)",
				);
				INFOPLIST_FILE = EventGo/Info.plist;
				IPHONEOS_DEPLOYMENT_TARGET = 9.0;
				LD_RUNPATH_SEARCH_PATHS = "$(inherited) @executable_path/Frameworks";
				PRODUCT_BUNDLE_IDENTIFIER = com.xuanthai.EventGo;
				PRODUCT_NAME = "$(TARGET_NAME)";
				SWIFT_VERSION = 3.0;
			};
			name = Debug;
		};
		D0DA8FD01E5E987200B19B5A /* Release */ = {
			isa = XCBuildConfiguration;
			baseConfigurationReference = 8E2F30970445EF7AB97DAA17 /* Pods-EventGo.release.xcconfig */;
			buildSettings = {
				ASSETCATALOG_COMPILER_APPICON_NAME = AppIcon;
				DEVELOPMENT_TEAM = A2NR73B2X5;
				FRAMEWORK_SEARCH_PATHS = (
					"$(inherited)",
					"$(PROJECT_DIR)",
				);
				INFOPLIST_FILE = EventGo/Info.plist;
				IPHONEOS_DEPLOYMENT_TARGET = 9.0;
				LD_RUNPATH_SEARCH_PATHS = "$(inherited) @executable_path/Frameworks";
				PRODUCT_BUNDLE_IDENTIFIER = com.xuanthai.EventGo;
				PRODUCT_NAME = "$(TARGET_NAME)";
				SWIFT_VERSION = 3.0;
			};
			name = Release;
		};
/* End XCBuildConfiguration section */

/* Begin XCConfigurationList section */
		D0DA8FB71E5E987200B19B5A /* Build configuration list for PBXProject "EventGo" */ = {
			isa = XCConfigurationList;
			buildConfigurations = (
				D0DA8FCC1E5E987200B19B5A /* Debug */,
				D0DA8FCD1E5E987200B19B5A /* Release */,
			);
			defaultConfigurationIsVisible = 0;
			defaultConfigurationName = Release;
		};
		D0DA8FCE1E5E987200B19B5A /* Build configuration list for PBXNativeTarget "EventGo" */ = {
			isa = XCConfigurationList;
			buildConfigurations = (
				D0DA8FCF1E5E987200B19B5A /* Debug */,
				D0DA8FD01E5E987200B19B5A /* Release */,
			);
			defaultConfigurationIsVisible = 0;
			defaultConfigurationName = Release;
		};
/* End XCConfigurationList section */
	};
	rootObject = D0DA8FB41E5E987200B19B5A /* Project object */;
}
