// !$*UTF8*$!
{
	archiveVersion = 1;
	classes = {
	};
	objectVersion = 46;
	objects = {

/* Begin PBXBuildFile section */
		55F2CFC371258F545EE98BBF /* Pods_EventGo_iOSApp_EventGo_iOSAppTests.framework in Frameworks */ = {isa = PBXBuildFile; fileRef = 8B0BCB5DE24D9222EF211AD6 /* Pods_EventGo_iOSApp_EventGo_iOSAppTests.framework */; };
		C9473D78746962E2D90F4191 /* Pods_EventGo_iOSApp.framework in Frameworks */ = {isa = PBXBuildFile; fileRef = 6CC63F4ADD9D479D0BBD61CF /* Pods_EventGo_iOSApp.framework */; };
		D01B47DB1E8B43E7007D990C /* EventGo.storyboard in Resources */ = {isa = PBXBuildFile; fileRef = D01B47DA1E8B43E7007D990C /* EventGo.storyboard */; };
		D02059EC1EB4FD52004EA7D3 /* EVListAwardsCollectionViewCell.swift in Sources */ = {isa = PBXBuildFile; fileRef = D02059EA1EB4FD52004EA7D3 /* EVListAwardsCollectionViewCell.swift */; };
		D02059ED1EB4FD52004EA7D3 /* EVListAwardsViewController.swift in Sources */ = {isa = PBXBuildFile; fileRef = D02059EB1EB4FD52004EA7D3 /* EVListAwardsViewController.swift */; };
		D02059EF1EB4FDAD004EA7D3 /* EVInfoAwardViewController.swift in Sources */ = {isa = PBXBuildFile; fileRef = D02059EE1EB4FDAD004EA7D3 /* EVInfoAwardViewController.swift */; };
		D06E45701E92AFCD003462FC /* libEventGoCommon.a in Frameworks */ = {isa = PBXBuildFile; fileRef = F4FABF6B1E8A634D0010BE41 /* libEventGoCommon.a */; };
		D06E45711E92AFCD003462FC /* libEventGoNetwork.a in Frameworks */ = {isa = PBXBuildFile; fileRef = D06E45671E92AF21003462FC /* libEventGoNetwork.a */; };
		D097FD821EB840FE004535F2 /* EVEventCollectionViewCell.swift in Sources */ = {isa = PBXBuildFile; fileRef = D097FD811EB840FE004535F2 /* EVEventCollectionViewCell.swift */; };
		D097FD841EB842A5004535F2 /* EVListHappeningEventsCollectionViewController.swift in Sources */ = {isa = PBXBuildFile; fileRef = D097FD831EB842A5004535F2 /* EVListHappeningEventsCollectionViewController.swift */; };
		D097FD861EB84353004535F2 /* EVListUpcomingEventsCollectionViewController.swift in Sources */ = {isa = PBXBuildFile; fileRef = D097FD851EB84353004535F2 /* EVListUpcomingEventsCollectionViewController.swift */; };
		D097FD881EB843EF004535F2 /* EVEventsViewController.swift in Sources */ = {isa = PBXBuildFile; fileRef = D097FD871EB843EF004535F2 /* EVEventsViewController.swift */; };
		D0C058451EAF578800F3E11F /* EVUserServices.swift in Sources */ = {isa = PBXBuildFile; fileRef = D06C600D1E8E617600F473CA /* EVUserServices.swift */; };
		D0C058461EAF578800F3E11F /* EVAwardServices.swift in Sources */ = {isa = PBXBuildFile; fileRef = D06C5FF21E8D60F400F473CA /* EVAwardServices.swift */; };
		D0C058471EAF578800F3E11F /* EVEventServices.swift in Sources */ = {isa = PBXBuildFile; fileRef = D06C5FF31E8D60F400F473CA /* EVEventServices.swift */; };
		D0C058481EAF578800F3E11F /* EVSupplierServices.swift in Sources */ = {isa = PBXBuildFile; fileRef = D06C5FF41E8D60F400F473CA /* EVSupplierServices.swift */; };
		D0C058491EAF578800F3E11F /* EVTaskServices.swift in Sources */ = {isa = PBXBuildFile; fileRef = D06C5FF51E8D60F400F473CA /* EVTaskServices.swift */; };
		D0C0584A1EAF578800F3E11F /* EVLocationServices.swift in Sources */ = {isa = PBXBuildFile; fileRef = D06C5FFA1E8D647200F473CA /* EVLocationServices.swift */; };
		D0C0584B1EAF578800F3E11F /* EVItemServices.swift in Sources */ = {isa = PBXBuildFile; fileRef = D06C5FFC1E8D64E500F473CA /* EVItemServices.swift */; };
		D0C0584C1EAF578800F3E11F /* EVBaseServices.swift in Sources */ = {isa = PBXBuildFile; fileRef = D06C60011E8D6C1B00F473CA /* EVBaseServices.swift */; };
		D0C0584D1EAF578800F3E11F /* EVClientService.swift in Sources */ = {isa = PBXBuildFile; fileRef = D08721121E9D3A770016D6A5 /* EVClientService.swift */; };
		D0C0584F1EAF578800F3E11F /* AppDelegate.swift in Sources */ = {isa = PBXBuildFile; fileRef = F4AD8BBF1E7D3D1F0081F2F3 /* AppDelegate.swift */; };
		D0C058501EAF578800F3E11F /* Marco.swift in Sources */ = {isa = PBXBuildFile; fileRef = F4E979E21E804B7000DF2E89 /* Marco.swift */; };
		D0C058511EAF578800F3E11F /* Constants.swift in Sources */ = {isa = PBXBuildFile; fileRef = F4056A181E82810500BEC162 /* Constants.swift */; };
		D0C058521EAF578800F3E11F /* EVLog.swift in Sources */ = {isa = PBXBuildFile; fileRef = F4056A0E1E8240FC00BEC162 /* EVLog.swift */; };
		D0C058541EAF578800F3E11F /* EVAppFactory.swift in Sources */ = {isa = PBXBuildFile; fileRef = F4F0ACA01E82D5C800D663A6 /* EVAppFactory.swift */; };
		D0C0585C1EAF578800F3E11F /* EGItemStoreView.swift in Sources */ = {isa = PBXBuildFile; fileRef = F4CAA6A61E82E9D20084FC51 /* EGItemStoreView.swift */; };
		D0C0585E1EAF578800F3E11F /* EGoPopupView.swift in Sources */ = {isa = PBXBuildFile; fileRef = F4CAA6A01E82E8C50084FC51 /* EGoPopupView.swift */; };
		D0C0585F1EAF578800F3E11F /* EGoButton.swift in Sources */ = {isa = PBXBuildFile; fileRef = F4CAA69E1E82E8BB0084FC51 /* EGoButton.swift */; };
		D0C058601EAF578800F3E11F /* DashLine.swift in Sources */ = {isa = PBXBuildFile; fileRef = F4F0ACB81E82D9F300D663A6 /* DashLine.swift */; };
		D0C058611EAF578800F3E11F /* LineView.swift in Sources */ = {isa = PBXBuildFile; fileRef = F4F0ACDF1E82DA1B00D663A6 /* LineView.swift */; };
		D0C058621EAF578800F3E11F /* EVEnum.swift in Sources */ = {isa = PBXBuildFile; fileRef = D080D8E71E9BDDBD00BE77AC /* EVEnum.swift */; };
		D0C058631EAF578800F3E11F /* EVPopOverView.swift in Sources */ = {isa = PBXBuildFile; fileRef = D080D8E51E9BDD0F00BE77AC /* EVPopOverView.swift */; };
		D0C058641EAF578800F3E11F /* Popover.swift in Sources */ = {isa = PBXBuildFile; fileRef = F4F0ACB61E82D9DE00D663A6 /* Popover.swift */; };
		D0C0586A1EAF578800F3E11F /* EVListEventsViewController.swift in Sources */ = {isa = PBXBuildFile; fileRef = D037D91F1EABBA44006820A9 /* EVListEventsViewController.swift */; };
		D0C0586B1EAF578800F3E11F /* EVListEventsCollectionViewCell.swift in Sources */ = {isa = PBXBuildFile; fileRef = D037D9211EABBA64006820A9 /* EVListEventsCollectionViewCell.swift */; };
		D0C0586C1EAF578800F3E11F /* EVStoreCollectionViewCell.swift in Sources */ = {isa = PBXBuildFile; fileRef = F4CAA6901E82E8A50084FC51 /* EVStoreCollectionViewCell.swift */; };
		D0C0586D1EAF578800F3E11F /* StoreHeaderView.swift in Sources */ = {isa = PBXBuildFile; fileRef = F4CAA6921E82E8A50084FC51 /* StoreHeaderView.swift */; };
		D0C0586E1EAF578800F3E11F /* EVDetailEventViewController.swift in Sources */ = {isa = PBXBuildFile; fileRef = F4CAA6861E82E8A50084FC51 /* EVDetailEventViewController.swift */; };
		D0C058701EAF578800F3E11F /* EVViewController.swift in Sources */ = {isa = PBXBuildFile; fileRef = F4AD8BC21E7D3D1F0081F2F3 /* EVViewController.swift */; };
		D0C058711EAF578800F3E11F /* EVLogInViewController.swift in Sources */ = {isa = PBXBuildFile; fileRef = D06C5FE01E8D326800F473CA /* EVLogInViewController.swift */; };
		D0C058721EAF578800F3E11F /* EVMainGameController.swift in Sources */ = {isa = PBXBuildFile; fileRef = D06C601D1E8ECB1F00F473CA /* EVMainGameController.swift */; };
		D0C058731EAF578800F3E11F /* EVDefaultViewController.swift in Sources */ = {isa = PBXBuildFile; fileRef = D043DF321E99003E006DE8ED /* EVDefaultViewController.swift */; };
		D0C058741EAF578800F3E11F /* EVUpdateUserInfoViewController.swift in Sources */ = {isa = PBXBuildFile; fileRef = D0A273541E993A7B00374E71 /* EVUpdateUserInfoViewController.swift */; };
		D0C058751EAF578800F3E11F /* EVPopOverController.swift in Sources */ = {isa = PBXBuildFile; fileRef = D0A982B71E994B9F003162D9 /* EVPopOverController.swift */; };
		D0C058761EAF578800F3E11F /* EVMainBottom.swift in Sources */ = {isa = PBXBuildFile; fileRef = D087211C1E9DE6BB0016D6A5 /* EVMainBottom.swift */; };
		D0C058771EAF578800F3E11F /* EVInfoTaskViewController.swift in Sources */ = {isa = PBXBuildFile; fileRef = D037D91A1EAB570A006820A9 /* EVInfoTaskViewController.swift */; };
		D0C058791EAF578800F3E11F /* RealmManager.swift in Sources */ = {isa = PBXBuildFile; fileRef = F4E979DE1E80414300DF2E89 /* RealmManager.swift */; };
		D0C0587A1EAF578800F3E11F /* Realm+Extension.swift in Sources */ = {isa = PBXBuildFile; fileRef = F4E979E01E80475500DF2E89 /* Realm+Extension.swift */; };
		D0C0587B1EAF578800F3E11F /* EVAuthenticationManager.h in Sources */ = {isa = PBXBuildFile; fileRef = F4E979391E80307C00DF2E89 /* EVAuthenticationManager.h */; };
		D0C0587C1EAF578800F3E11F /* EVAuthenticationManager.m in Sources */ = {isa = PBXBuildFile; fileRef = F4E9793A1E80307C00DF2E89 /* EVAuthenticationManager.m */; };
		D0C0587D1EAF578800F3E11F /* EVUser.swift in Sources */ = {isa = PBXBuildFile; fileRef = F4E979E41E80502F00DF2E89 /* EVUser.swift */; };
		D0C0587E1EAF578800F3E11F /* EVSupplier.swift in Sources */ = {isa = PBXBuildFile; fileRef = F4E979E61E80503A00DF2E89 /* EVSupplier.swift */; };
		D0C0587F1EAF578800F3E11F /* EVEvent.swift in Sources */ = {isa = PBXBuildFile; fileRef = F4E979E81E80504600DF2E89 /* EVEvent.swift */; };
		D0C058801EAF578800F3E11F /* EVTask.swift in Sources */ = {isa = PBXBuildFile; fileRef = F4E979EA1E80505200DF2E89 /* EVTask.swift */; };
		D0C058811EAF578800F3E11F /* EVNotification.swift in Sources */ = {isa = PBXBuildFile; fileRef = F4E979EC1E80506D00DF2E89 /* EVNotification.swift */; };
		D0C058821EAF578800F3E11F /* EVAward.swift in Sources */ = {isa = PBXBuildFile; fileRef = F4E979EE1E80507900DF2E89 /* EVAward.swift */; };
		D0C058831EAF578800F3E11F /* EVLocation.swift in Sources */ = {isa = PBXBuildFile; fileRef = F4E979F01E80509500DF2E89 /* EVLocation.swift */; };
		D0C058841EAF578800F3E11F /* EVItem.swift in Sources */ = {isa = PBXBuildFile; fileRef = F4E979F21E80509E00DF2E89 /* EVItem.swift */; };
		D0C058851EAF578800F3E11F /* EVUserInfo.swift in Sources */ = {isa = PBXBuildFile; fileRef = D06C60091E8E5D0900F473CA /* EVUserInfo.swift */; };
		D0C058861EAF578800F3E11F /* EVButtonModel.swift in Sources */ = {isa = PBXBuildFile; fileRef = D06E45521E929CC4003462FC /* EVButtonModel.swift */; };
		D0C058871EAF578800F3E11F /* EVMarkerManager.swift in Sources */ = {isa = PBXBuildFile; fileRef = D0521DA91E95245000A9C662 /* EVMarkerManager.swift */; };
		D0C058881EAF578800F3E11F /* EVProtocol.swift in Sources */ = {isa = PBXBuildFile; fileRef = D037D90A1EA8B876006820A9 /* EVProtocol.swift */; };
		D0C058891EAF578800F3E11F /* EVDevice.swift in Sources */ = {isa = PBXBuildFile; fileRef = D0C057941EAEDA6B00F3E11F /* EVDevice.swift */; };
		F4056A151E8245FF00BEC162 /* AssetsLibrary.framework in Frameworks */ = {isa = PBXBuildFile; fileRef = F4056A141E8245FF00BEC162 /* AssetsLibrary.framework */; };
		F4056A171E82460600BEC162 /* Photos.framework in Frameworks */ = {isa = PBXBuildFile; fileRef = F4056A161E82460600BEC162 /* Photos.framework */; };
		F43D6A291EBE313D007DD1F9 /* EVAppFactoryClient.swift in Sources */ = {isa = PBXBuildFile; fileRef = F43D6A281EBE313D007DD1F9 /* EVAppFactoryClient.swift */; };
		F45683861EB26C7A007B2D61 /* ReactiveObjC.framework in Frameworks */ = {isa = PBXBuildFile; fileRef = F45683851EB26C7A007B2D61 /* ReactiveObjC.framework */; };
		F45F186D1EBCD83D00B38828 /* EVUserServices+Event.swift in Sources */ = {isa = PBXBuildFile; fileRef = F45F186C1EBCD83D00B38828 /* EVUserServices+Event.swift */; };
		F45F18811EBD876D00B38828 /* EVAppFactoryUsers.swift in Sources */ = {isa = PBXBuildFile; fileRef = F45F18801EBD876D00B38828 /* EVAppFactoryUsers.swift */; };
		F45F18931EBD8B7F00B38828 /* CTDateFormart.swift in Sources */ = {isa = PBXBuildFile; fileRef = F45F18861EBD8B7F00B38828 /* CTDateFormart.swift */; };
		F45F18941EBD8B7F00B38828 /* Date+Extension.swift in Sources */ = {isa = PBXBuildFile; fileRef = F45F18871EBD8B7F00B38828 /* Date+Extension.swift */; };
		F45F18951EBD8B7F00B38828 /* EVItemProtocol.swift in Sources */ = {isa = PBXBuildFile; fileRef = F45F18881EBD8B7F00B38828 /* EVItemProtocol.swift */; };
		F45F18961EBD8B7F00B38828 /* EVReactNetwork+Extension.swift in Sources */ = {isa = PBXBuildFile; fileRef = F45F18891EBD8B7F00B38828 /* EVReactNetwork+Extension.swift */; };
		F45F18971EBD8B7F00B38828 /* EVString.swift in Sources */ = {isa = PBXBuildFile; fileRef = F45F188A1EBD8B7F00B38828 /* EVString.swift */; };
		F45F18981EBD8B7F00B38828 /* MBProgressHUD+Extension.swift in Sources */ = {isa = PBXBuildFile; fileRef = F45F188B1EBD8B7F00B38828 /* MBProgressHUD+Extension.swift */; };
		F45F18991EBD8B7F00B38828 /* NSError+Extension.swift in Sources */ = {isa = PBXBuildFile; fileRef = F45F188C1EBD8B7F00B38828 /* NSError+Extension.swift */; };
		F45F189A1EBD8B7F00B38828 /* String+Extension.swift in Sources */ = {isa = PBXBuildFile; fileRef = F45F188D1EBD8B7F00B38828 /* String+Extension.swift */; };
		F45F189B1EBD8B7F00B38828 /* UIAlertController+Extension.swift in Sources */ = {isa = PBXBuildFile; fileRef = F45F188E1EBD8B7F00B38828 /* UIAlertController+Extension.swift */; };
		F45F189C1EBD8B7F00B38828 /* UIColor+Extension.swift in Sources */ = {isa = PBXBuildFile; fileRef = F45F188F1EBD8B7F00B38828 /* UIColor+Extension.swift */; };
		F45F189D1EBD8B7F00B38828 /* UIView+Extension.swift in Sources */ = {isa = PBXBuildFile; fileRef = F45F18901EBD8B7F00B38828 /* UIView+Extension.swift */; };
		F45F189E1EBD8B7F00B38828 /* UIViewController+Action.swift in Sources */ = {isa = PBXBuildFile; fileRef = F45F18911EBD8B7F00B38828 /* UIViewController+Action.swift */; };
		F45F189F1EBD8B7F00B38828 /* VersionSupport.swift in Sources */ = {isa = PBXBuildFile; fileRef = F45F18921EBD8B7F00B38828 /* VersionSupport.swift */; };
		F45F18A41EBD903D00B38828 /* EVToaster.swift in Sources */ = {isa = PBXBuildFile; fileRef = F45F18A31EBD903D00B38828 /* EVToaster.swift */; };
		F4AB21231EB266BB0047CED0 /* Event_Go_App_Client.mobileprovision in Resources */ = {isa = PBXBuildFile; fileRef = F4AB21221EB266BB0047CED0 /* Event_Go_App_Client.mobileprovision */; };
		F4AD8ADA1E7D3C310081F2F3 /* Assets.xcassets in Resources */ = {isa = PBXBuildFile; fileRef = F4AD8AD91E7D3C310081F2F3 /* Assets.xcassets */; };
		F4AD8ADD1E7D3C310081F2F3 /* LaunchScreen.storyboard in Resources */ = {isa = PBXBuildFile; fileRef = F4AD8ADB1E7D3C310081F2F3 /* LaunchScreen.storyboard */; };
		F4AD8AE81E7D3C310081F2F3 /* EventGo_iOSAppTests.swift in Sources */ = {isa = PBXBuildFile; fileRef = F4AD8AE71E7D3C310081F2F3 /* EventGo_iOSAppTests.swift */; };
		F4CAA6A91E82E9D20084FC51 /* EGItemStoreView.xib in Resources */ = {isa = PBXBuildFile; fileRef = F4CAA6A71E82E9D20084FC51 /* EGItemStoreView.xib */; };
		F4E976F31EC04D3B006D46DA /* mapstogpx_Test.gpx in Resources */ = {isa = PBXBuildFile; fileRef = F4E976F21EC04D3B006D46DA /* mapstogpx_Test.gpx */; };
		F4E9786A1E7DB67500DF2E89 /* libxml2.tbd in Frameworks */ = {isa = PBXBuildFile; fileRef = F4E978691E7DB67500DF2E89 /* libxml2.tbd */; };
		F4E9786D1E7DB86100DF2E89 /* libc++.tbd in Frameworks */ = {isa = PBXBuildFile; fileRef = F4E9786B1E7DB86100DF2E89 /* libc++.tbd */; };
		F4E9786E1E7DB86100DF2E89 /* libc.tbd in Frameworks */ = {isa = PBXBuildFile; fileRef = F4E9786C1E7DB86100DF2E89 /* libc.tbd */; };
		F4E978CA1E7E3F3E00DF2E89 /* GoogleService-Info.plist in Resources */ = {isa = PBXBuildFile; fileRef = F4E978C91E7E3F3E00DF2E89 /* GoogleService-Info.plist */; };
		F4E978E91E7E3F8400DF2E89 /* Bolts.framework in Frameworks */ = {isa = PBXBuildFile; fileRef = F4E978E31E7E3F8400DF2E89 /* Bolts.framework */; };
		F4E978EA1E7E3F8400DF2E89 /* FacebookSDKStrings.bundle in Resources */ = {isa = PBXBuildFile; fileRef = F4E978E41E7E3F8400DF2E89 /* FacebookSDKStrings.bundle */; };
		F4E978EC1E7E3F8400DF2E89 /* FBSDKCoreKit.framework in Frameworks */ = {isa = PBXBuildFile; fileRef = F4E978E61E7E3F8400DF2E89 /* FBSDKCoreKit.framework */; };
		F4E978ED1E7E3F8400DF2E89 /* FBSDKLoginKit.framework in Frameworks */ = {isa = PBXBuildFile; fileRef = F4E978E71E7E3F8400DF2E89 /* FBSDKLoginKit.framework */; };
		F4E978EE1E7E3F8400DF2E89 /* FBSDKShareKit.framework in Frameworks */ = {isa = PBXBuildFile; fileRef = F4E978E81E7E3F8400DF2E89 /* FBSDKShareKit.framework */; };
/* End PBXBuildFile section */

/* Begin PBXContainerItemProxy section */
		D06E45661E92AF21003462FC /* PBXContainerItemProxy */ = {
			isa = PBXContainerItemProxy;
			containerPortal = D06E45621E92AF21003462FC /* EventGoNetwork.xcodeproj */;
			proxyType = 2;
			remoteGlobalIDString = F4AD8A781E7D3A480081F2F3;
			remoteInfo = EventGoNetwork;
		};
		D06E456C1E92AFC7003462FC /* PBXContainerItemProxy */ = {
			isa = PBXContainerItemProxy;
			containerPortal = D06E45621E92AF21003462FC /* EventGoNetwork.xcodeproj */;
			proxyType = 1;
			remoteGlobalIDString = F4AD8A771E7D3A480081F2F3;
			remoteInfo = EventGoNetwork;
		};
		D06E456E1E92AFC7003462FC /* PBXContainerItemProxy */ = {
			isa = PBXContainerItemProxy;
			containerPortal = F4FABF651E8A634C0010BE41 /* EventGoCommon.xcodeproj */;
			proxyType = 1;
			remoteGlobalIDString = F4AD89B71E7D2C5D0081F2F3;
			remoteInfo = EventGoCommon;
		};
		F4AD8AE41E7D3C310081F2F3 /* PBXContainerItemProxy */ = {
			isa = PBXContainerItemProxy;
			containerPortal = F4AD8AC71E7D3C310081F2F3 /* Project object */;
			proxyType = 1;
			remoteGlobalIDString = F4AD8ACE1E7D3C310081F2F3;
			remoteInfo = "EventGo-iOSApp";
		};
		F4FABF6A1E8A634D0010BE41 /* PBXContainerItemProxy */ = {
			isa = PBXContainerItemProxy;
			containerPortal = F4FABF651E8A634C0010BE41 /* EventGoCommon.xcodeproj */;
			proxyType = 2;
			remoteGlobalIDString = F4AD89B81E7D2C5D0081F2F3;
			remoteInfo = EventGoCommon;
		};
/* End PBXContainerItemProxy section */

/* Begin PBXCopyFilesBuildPhase section */
		F4E978A21E7E38DD00DF2E89 /* Embed Frameworks */ = {
			isa = PBXCopyFilesBuildPhase;
			buildActionMask = 8;
			dstPath = "";
			dstSubfolderSpec = 10;
			files = (
			);
			name = "Embed Frameworks";
			runOnlyForDeploymentPostprocessing = 1;
		};
/* End PBXCopyFilesBuildPhase section */

/* Begin PBXFileReference section */
		30D79559D6DA0A5159C6CCD0 /* Pods-EventGo-iOSApp-EventGo-iOSAppTests.release.xcconfig */ = {isa = PBXFileReference; includeInIndex = 1; lastKnownFileType = text.xcconfig; name = "Pods-EventGo-iOSApp-EventGo-iOSAppTests.release.xcconfig"; path = "Pods/Target Support Files/Pods-EventGo-iOSApp-EventGo-iOSAppTests/Pods-EventGo-iOSApp-EventGo-iOSAppTests.release.xcconfig"; sourceTree = "<group>"; };
		6CC63F4ADD9D479D0BBD61CF /* Pods_EventGo_iOSApp.framework */ = {isa = PBXFileReference; explicitFileType = wrapper.framework; includeInIndex = 0; path = Pods_EventGo_iOSApp.framework; sourceTree = BUILT_PRODUCTS_DIR; };
		6E25C8B0E62EC80BFED04877 /* Pods-EventGo-iOSApp.debug.xcconfig */ = {isa = PBXFileReference; includeInIndex = 1; lastKnownFileType = text.xcconfig; name = "Pods-EventGo-iOSApp.debug.xcconfig"; path = "Pods/Target Support Files/Pods-EventGo-iOSApp/Pods-EventGo-iOSApp.debug.xcconfig"; sourceTree = "<group>"; };
		8B0BCB5DE24D9222EF211AD6 /* Pods_EventGo_iOSApp_EventGo_iOSAppTests.framework */ = {isa = PBXFileReference; explicitFileType = wrapper.framework; includeInIndex = 0; path = Pods_EventGo_iOSApp_EventGo_iOSAppTests.framework; sourceTree = BUILT_PRODUCTS_DIR; };
		ACC9B2288DB560C0D3B72361 /* Pods-EventGo-iOSApp.release.xcconfig */ = {isa = PBXFileReference; includeInIndex = 1; lastKnownFileType = text.xcconfig; name = "Pods-EventGo-iOSApp.release.xcconfig"; path = "Pods/Target Support Files/Pods-EventGo-iOSApp/Pods-EventGo-iOSApp.release.xcconfig"; sourceTree = "<group>"; };
		D01B47DA1E8B43E7007D990C /* EventGo.storyboard */ = {isa = PBXFileReference; fileEncoding = 4; lastKnownFileType = file.storyboard; path = EventGo.storyboard; sourceTree = "<group>"; };
		D02059EA1EB4FD52004EA7D3 /* EVListAwardsCollectionViewCell.swift */ = {isa = PBXFileReference; fileEncoding = 4; lastKnownFileType = sourcecode.swift; path = EVListAwardsCollectionViewCell.swift; sourceTree = "<group>"; };
		D02059EB1EB4FD52004EA7D3 /* EVListAwardsViewController.swift */ = {isa = PBXFileReference; fileEncoding = 4; lastKnownFileType = sourcecode.swift; path = EVListAwardsViewController.swift; sourceTree = "<group>"; };
		D02059EE1EB4FDAD004EA7D3 /* EVInfoAwardViewController.swift */ = {isa = PBXFileReference; fileEncoding = 4; lastKnownFileType = sourcecode.swift; path = EVInfoAwardViewController.swift; sourceTree = "<group>"; };
		D037D90A1EA8B876006820A9 /* EVProtocol.swift */ = {isa = PBXFileReference; fileEncoding = 4; lastKnownFileType = sourcecode.swift; path = EVProtocol.swift; sourceTree = "<group>"; };
		D037D91A1EAB570A006820A9 /* EVInfoTaskViewController.swift */ = {isa = PBXFileReference; fileEncoding = 4; lastKnownFileType = sourcecode.swift; path = EVInfoTaskViewController.swift; sourceTree = "<group>"; };
		D037D91F1EABBA44006820A9 /* EVListEventsViewController.swift */ = {isa = PBXFileReference; fileEncoding = 4; lastKnownFileType = sourcecode.swift; path = EVListEventsViewController.swift; sourceTree = "<group>"; };
		D037D9211EABBA64006820A9 /* EVListEventsCollectionViewCell.swift */ = {isa = PBXFileReference; fileEncoding = 4; lastKnownFileType = sourcecode.swift; path = EVListEventsCollectionViewCell.swift; sourceTree = "<group>"; };
		D043DF321E99003E006DE8ED /* EVDefaultViewController.swift */ = {isa = PBXFileReference; fileEncoding = 4; lastKnownFileType = sourcecode.swift; path = EVDefaultViewController.swift; sourceTree = "<group>"; };
		D0521DA91E95245000A9C662 /* EVMarkerManager.swift */ = {isa = PBXFileReference; fileEncoding = 4; lastKnownFileType = sourcecode.swift; name = EVMarkerManager.swift; path = ../Models/EVMarkerManager.swift; sourceTree = "<group>"; };
		D06C5FE01E8D326800F473CA /* EVLogInViewController.swift */ = {isa = PBXFileReference; fileEncoding = 4; lastKnownFileType = sourcecode.swift; path = EVLogInViewController.swift; sourceTree = "<group>"; };
		D06C5FF21E8D60F400F473CA /* EVAwardServices.swift */ = {isa = PBXFileReference; fileEncoding = 4; lastKnownFileType = sourcecode.swift; path = EVAwardServices.swift; sourceTree = "<group>"; };
		D06C5FF31E8D60F400F473CA /* EVEventServices.swift */ = {isa = PBXFileReference; fileEncoding = 4; lastKnownFileType = sourcecode.swift; path = EVEventServices.swift; sourceTree = "<group>"; };
		D06C5FF41E8D60F400F473CA /* EVSupplierServices.swift */ = {isa = PBXFileReference; fileEncoding = 4; lastKnownFileType = sourcecode.swift; path = EVSupplierServices.swift; sourceTree = "<group>"; };
		D06C5FF51E8D60F400F473CA /* EVTaskServices.swift */ = {isa = PBXFileReference; fileEncoding = 4; lastKnownFileType = sourcecode.swift; path = EVTaskServices.swift; sourceTree = "<group>"; };
		D06C5FFA1E8D647200F473CA /* EVLocationServices.swift */ = {isa = PBXFileReference; fileEncoding = 4; lastKnownFileType = sourcecode.swift; path = EVLocationServices.swift; sourceTree = "<group>"; };
		D06C5FFC1E8D64E500F473CA /* EVItemServices.swift */ = {isa = PBXFileReference; fileEncoding = 4; lastKnownFileType = sourcecode.swift; path = EVItemServices.swift; sourceTree = "<group>"; };
		D06C60011E8D6C1B00F473CA /* EVBaseServices.swift */ = {isa = PBXFileReference; fileEncoding = 4; lastKnownFileType = sourcecode.swift; path = EVBaseServices.swift; sourceTree = "<group>"; };
		D06C60091E8E5D0900F473CA /* EVUserInfo.swift */ = {isa = PBXFileReference; fileEncoding = 4; lastKnownFileType = sourcecode.swift; path = EVUserInfo.swift; sourceTree = "<group>"; };
		D06C600D1E8E617600F473CA /* EVUserServices.swift */ = {isa = PBXFileReference; fileEncoding = 4; lastKnownFileType = sourcecode.swift; path = EVUserServices.swift; sourceTree = "<group>"; };
		D06C601D1E8ECB1F00F473CA /* EVMainGameController.swift */ = {isa = PBXFileReference; fileEncoding = 4; lastKnownFileType = sourcecode.swift; path = EVMainGameController.swift; sourceTree = "<group>"; };
		D06E45521E929CC4003462FC /* EVButtonModel.swift */ = {isa = PBXFileReference; fileEncoding = 4; lastKnownFileType = sourcecode.swift; path = EVButtonModel.swift; sourceTree = "<group>"; };
		D06E45621E92AF21003462FC /* EventGoNetwork.xcodeproj */ = {isa = PBXFileReference; lastKnownFileType = "wrapper.pb-project"; name = EventGoNetwork.xcodeproj; path = EventGoNetwork/EventGoNetwork.xcodeproj; sourceTree = "<group>"; };
		D080D8E51E9BDD0F00BE77AC /* EVPopOverView.swift */ = {isa = PBXFileReference; fileEncoding = 4; lastKnownFileType = sourcecode.swift; path = EVPopOverView.swift; sourceTree = "<group>"; };
		D080D8E71E9BDDBD00BE77AC /* EVEnum.swift */ = {isa = PBXFileReference; fileEncoding = 4; lastKnownFileType = sourcecode.swift; path = EVEnum.swift; sourceTree = "<group>"; };
		D08721121E9D3A770016D6A5 /* EVClientService.swift */ = {isa = PBXFileReference; fileEncoding = 4; lastKnownFileType = sourcecode.swift; path = EVClientService.swift; sourceTree = "<group>"; };
		D087211C1E9DE6BB0016D6A5 /* EVMainBottom.swift */ = {isa = PBXFileReference; fileEncoding = 4; lastKnownFileType = sourcecode.swift; path = EVMainBottom.swift; sourceTree = "<group>"; };
		D097FD811EB840FE004535F2 /* EVEventCollectionViewCell.swift */ = {isa = PBXFileReference; fileEncoding = 4; lastKnownFileType = sourcecode.swift; path = EVEventCollectionViewCell.swift; sourceTree = "<group>"; };
		D097FD831EB842A5004535F2 /* EVListHappeningEventsCollectionViewController.swift */ = {isa = PBXFileReference; fileEncoding = 4; lastKnownFileType = sourcecode.swift; path = EVListHappeningEventsCollectionViewController.swift; sourceTree = "<group>"; };
		D097FD851EB84353004535F2 /* EVListUpcomingEventsCollectionViewController.swift */ = {isa = PBXFileReference; fileEncoding = 4; lastKnownFileType = sourcecode.swift; path = EVListUpcomingEventsCollectionViewController.swift; sourceTree = "<group>"; };
		D097FD871EB843EF004535F2 /* EVEventsViewController.swift */ = {isa = PBXFileReference; fileEncoding = 4; lastKnownFileType = sourcecode.swift; path = EVEventsViewController.swift; sourceTree = "<group>"; };
		D0A273541E993A7B00374E71 /* EVUpdateUserInfoViewController.swift */ = {isa = PBXFileReference; fileEncoding = 4; lastKnownFileType = sourcecode.swift; path = EVUpdateUserInfoViewController.swift; sourceTree = "<group>"; };
		D0A982B71E994B9F003162D9 /* EVPopOverController.swift */ = {isa = PBXFileReference; fileEncoding = 4; lastKnownFileType = sourcecode.swift; path = EVPopOverController.swift; sourceTree = "<group>"; };
		D0C057941EAEDA6B00F3E11F /* EVDevice.swift */ = {isa = PBXFileReference; fileEncoding = 4; lastKnownFileType = sourcecode.swift; path = EVDevice.swift; sourceTree = "<group>"; };
		D0C0579A1EAF531F00F3E11F /* MessageUI.framework */ = {isa = PBXFileReference; lastKnownFileType = wrapper.framework; name = MessageUI.framework; path = System/Library/Frameworks/MessageUI.framework; sourceTree = SDKROOT; };
		D2970CF6CE73C5F35F28774B /* Pods-EventGo-iOSApp-EventGo-iOSAppTests.debug.xcconfig */ = {isa = PBXFileReference; includeInIndex = 1; lastKnownFileType = text.xcconfig; name = "Pods-EventGo-iOSApp-EventGo-iOSAppTests.debug.xcconfig"; path = "Pods/Target Support Files/Pods-EventGo-iOSApp-EventGo-iOSAppTests/Pods-EventGo-iOSApp-EventGo-iOSAppTests.debug.xcconfig"; sourceTree = "<group>"; };
		F4056A0E1E8240FC00BEC162 /* EVLog.swift */ = {isa = PBXFileReference; fileEncoding = 4; lastKnownFileType = sourcecode.swift; name = EVLog.swift; path = ../Managers/EVLog.swift; sourceTree = "<group>"; };
		F4056A141E8245FF00BEC162 /* AssetsLibrary.framework */ = {isa = PBXFileReference; lastKnownFileType = wrapper.framework; name = AssetsLibrary.framework; path = System/Library/Frameworks/AssetsLibrary.framework; sourceTree = SDKROOT; };
		F4056A161E82460600BEC162 /* Photos.framework */ = {isa = PBXFileReference; lastKnownFileType = wrapper.framework; name = Photos.framework; path = System/Library/Frameworks/Photos.framework; sourceTree = SDKROOT; };
		F4056A181E82810500BEC162 /* Constants.swift */ = {isa = PBXFileReference; fileEncoding = 4; lastKnownFileType = sourcecode.swift; path = Constants.swift; sourceTree = "<group>"; };
		F43D6A281EBE313D007DD1F9 /* EVAppFactoryClient.swift */ = {isa = PBXFileReference; fileEncoding = 4; lastKnownFileType = sourcecode.swift; path = EVAppFactoryClient.swift; sourceTree = "<group>"; };
		F45683851EB26C7A007B2D61 /* ReactiveObjC.framework */ = {isa = PBXFileReference; lastKnownFileType = wrapper.framework; name = ReactiveObjC.framework; path = "../../../../../Library/Developer/Xcode/DerivedData/EventGo-iOSApp-fewtznmoskarbfdnwnaqckkrbqwa/Build/Products/Debug-iphonesimulator/ReactiveObjC.framework"; sourceTree = "<group>"; };
		F45F186C1EBCD83D00B38828 /* EVUserServices+Event.swift */ = {isa = PBXFileReference; fileEncoding = 4; lastKnownFileType = sourcecode.swift; path = "EVUserServices+Event.swift"; sourceTree = "<group>"; };
		F45F187A1EBCF81100B38828 /* EventGo-iOSApp.entitlements */ = {isa = PBXFileReference; lastKnownFileType = text.plist.entitlements; path = "EventGo-iOSApp.entitlements"; sourceTree = "<group>"; };
		F45F18801EBD876D00B38828 /* EVAppFactoryUsers.swift */ = {isa = PBXFileReference; fileEncoding = 4; lastKnownFileType = sourcecode.swift; name = EVAppFactoryUsers.swift; path = ../EVAppFactoryUsers.swift; sourceTree = "<group>"; };
		F45F18861EBD8B7F00B38828 /* CTDateFormart.swift */ = {isa = PBXFileReference; fileEncoding = 4; lastKnownFileType = sourcecode.swift; path = CTDateFormart.swift; sourceTree = "<group>"; };
		F45F18871EBD8B7F00B38828 /* Date+Extension.swift */ = {isa = PBXFileReference; fileEncoding = 4; lastKnownFileType = sourcecode.swift; path = "Date+Extension.swift"; sourceTree = "<group>"; };
		F45F18881EBD8B7F00B38828 /* EVItemProtocol.swift */ = {isa = PBXFileReference; fileEncoding = 4; lastKnownFileType = sourcecode.swift; path = EVItemProtocol.swift; sourceTree = "<group>"; };
		F45F18891EBD8B7F00B38828 /* EVReactNetwork+Extension.swift */ = {isa = PBXFileReference; fileEncoding = 4; lastKnownFileType = sourcecode.swift; path = "EVReactNetwork+Extension.swift"; sourceTree = "<group>"; };
		F45F188A1EBD8B7F00B38828 /* EVString.swift */ = {isa = PBXFileReference; fileEncoding = 4; lastKnownFileType = sourcecode.swift; path = EVString.swift; sourceTree = "<group>"; };
		F45F188B1EBD8B7F00B38828 /* MBProgressHUD+Extension.swift */ = {isa = PBXFileReference; fileEncoding = 4; lastKnownFileType = sourcecode.swift; path = "MBProgressHUD+Extension.swift"; sourceTree = "<group>"; };
		F45F188C1EBD8B7F00B38828 /* NSError+Extension.swift */ = {isa = PBXFileReference; fileEncoding = 4; lastKnownFileType = sourcecode.swift; path = "NSError+Extension.swift"; sourceTree = "<group>"; };
		F45F188D1EBD8B7F00B38828 /* String+Extension.swift */ = {isa = PBXFileReference; fileEncoding = 4; lastKnownFileType = sourcecode.swift; path = "String+Extension.swift"; sourceTree = "<group>"; };
		F45F188E1EBD8B7F00B38828 /* UIAlertController+Extension.swift */ = {isa = PBXFileReference; fileEncoding = 4; lastKnownFileType = sourcecode.swift; path = "UIAlertController+Extension.swift"; sourceTree = "<group>"; };
		F45F188F1EBD8B7F00B38828 /* UIColor+Extension.swift */ = {isa = PBXFileReference; fileEncoding = 4; lastKnownFileType = sourcecode.swift; path = "UIColor+Extension.swift"; sourceTree = "<group>"; };
		F45F18901EBD8B7F00B38828 /* UIView+Extension.swift */ = {isa = PBXFileReference; fileEncoding = 4; lastKnownFileType = sourcecode.swift; path = "UIView+Extension.swift"; sourceTree = "<group>"; };
		F45F18911EBD8B7F00B38828 /* UIViewController+Action.swift */ = {isa = PBXFileReference; fileEncoding = 4; lastKnownFileType = sourcecode.swift; path = "UIViewController+Action.swift"; sourceTree = "<group>"; };
		F45F18921EBD8B7F00B38828 /* VersionSupport.swift */ = {isa = PBXFileReference; fileEncoding = 4; lastKnownFileType = sourcecode.swift; path = VersionSupport.swift; sourceTree = "<group>"; };
		F45F18A31EBD903D00B38828 /* EVToaster.swift */ = {isa = PBXFileReference; fileEncoding = 4; lastKnownFileType = sourcecode.swift; path = EVToaster.swift; sourceTree = "<group>"; };
		F4AB21221EB266BB0047CED0 /* Event_Go_App_Client.mobileprovision */ = {isa = PBXFileReference; lastKnownFileType = file; path = Event_Go_App_Client.mobileprovision; sourceTree = "<group>"; };
		F4AD8ACF1E7D3C310081F2F3 /* EventGo-iOSApp.app */ = {isa = PBXFileReference; explicitFileType = wrapper.application; includeInIndex = 0; path = "EventGo-iOSApp.app"; sourceTree = BUILT_PRODUCTS_DIR; };
		F4AD8AD91E7D3C310081F2F3 /* Assets.xcassets */ = {isa = PBXFileReference; lastKnownFileType = folder.assetcatalog; path = Assets.xcassets; sourceTree = "<group>"; };
		F4AD8ADC1E7D3C310081F2F3 /* Base */ = {isa = PBXFileReference; lastKnownFileType = file.storyboard; name = Base; path = Base.lproj/LaunchScreen.storyboard; sourceTree = "<group>"; };
		F4AD8ADE1E7D3C310081F2F3 /* Info.plist */ = {isa = PBXFileReference; lastKnownFileType = text.plist.xml; path = Info.plist; sourceTree = "<group>"; };
		F4AD8AE31E7D3C310081F2F3 /* EventGo-iOSAppTests.xctest */ = {isa = PBXFileReference; explicitFileType = wrapper.cfbundle; includeInIndex = 0; path = "EventGo-iOSAppTests.xctest"; sourceTree = BUILT_PRODUCTS_DIR; };
		F4AD8AE71E7D3C310081F2F3 /* EventGo_iOSAppTests.swift */ = {isa = PBXFileReference; lastKnownFileType = sourcecode.swift; path = EventGo_iOSAppTests.swift; sourceTree = "<group>"; };
		F4AD8AE91E7D3C310081F2F3 /* Info.plist */ = {isa = PBXFileReference; lastKnownFileType = text.plist.xml; path = Info.plist; sourceTree = "<group>"; };
		F4AD8BBF1E7D3D1F0081F2F3 /* AppDelegate.swift */ = {isa = PBXFileReference; fileEncoding = 4; lastKnownFileType = sourcecode.swift; path = AppDelegate.swift; sourceTree = "<group>"; };
		F4AD8BC21E7D3D1F0081F2F3 /* EVViewController.swift */ = {isa = PBXFileReference; fileEncoding = 4; lastKnownFileType = sourcecode.swift; path = EVViewController.swift; sourceTree = "<group>"; };
		F4CAA6861E82E8A50084FC51 /* EVDetailEventViewController.swift */ = {isa = PBXFileReference; fileEncoding = 4; lastKnownFileType = sourcecode.swift; path = EVDetailEventViewController.swift; sourceTree = "<group>"; };
		F4CAA6901E82E8A50084FC51 /* EVStoreCollectionViewCell.swift */ = {isa = PBXFileReference; fileEncoding = 4; lastKnownFileType = sourcecode.swift; path = EVStoreCollectionViewCell.swift; sourceTree = "<group>"; };
		F4CAA6921E82E8A50084FC51 /* StoreHeaderView.swift */ = {isa = PBXFileReference; fileEncoding = 4; lastKnownFileType = sourcecode.swift; path = StoreHeaderView.swift; sourceTree = "<group>"; };
		F4CAA69E1E82E8BB0084FC51 /* EGoButton.swift */ = {isa = PBXFileReference; fileEncoding = 4; lastKnownFileType = sourcecode.swift; path = EGoButton.swift; sourceTree = "<group>"; };
		F4CAA6A01E82E8C50084FC51 /* EGoPopupView.swift */ = {isa = PBXFileReference; fileEncoding = 4; lastKnownFileType = sourcecode.swift; path = EGoPopupView.swift; sourceTree = "<group>"; };
		F4CAA6A61E82E9D20084FC51 /* EGItemStoreView.swift */ = {isa = PBXFileReference; fileEncoding = 4; lastKnownFileType = sourcecode.swift; path = EGItemStoreView.swift; sourceTree = "<group>"; };
		F4CAA6A71E82E9D20084FC51 /* EGItemStoreView.xib */ = {isa = PBXFileReference; fileEncoding = 4; lastKnownFileType = file.xib; path = EGItemStoreView.xib; sourceTree = "<group>"; };
		F4E976F21EC04D3B006D46DA /* mapstogpx_Test.gpx */ = {isa = PBXFileReference; fileEncoding = 4; lastKnownFileType = text.xml; path = mapstogpx_Test.gpx; sourceTree = "<group>"; };
		F4E977E11E7DA25000DF2E89 /* EventGo-iOSApp-Bridging-Header.h */ = {isa = PBXFileReference; lastKnownFileType = sourcecode.c.h; path = "EventGo-iOSApp-Bridging-Header.h"; sourceTree = "<group>"; };
		F4E978611E7DB48C00DF2E89 /* AccountKit.framework */ = {isa = PBXFileReference; lastKnownFileType = wrapper.framework; name = AccountKit.framework; path = "../../../Desktop/FacebookSDKs-iOS-4.20.2/AccountKit.framework"; sourceTree = "<group>"; };
		F4E978621E7DB48C00DF2E89 /* AccountKitStrings.bundle */ = {isa = PBXFileReference; lastKnownFileType = "wrapper.plug-in"; name = AccountKitStrings.bundle; path = "../../../Desktop/FacebookSDKs-iOS-4.20.2/AccountKitStrings.bundle"; sourceTree = "<group>"; };
		F4E978631E7DB48C00DF2E89 /* FBNotifications.framework */ = {isa = PBXFileReference; lastKnownFileType = wrapper.framework; name = FBNotifications.framework; path = "../../../Desktop/FacebookSDKs-iOS-4.20.2/FBNotifications.framework"; sourceTree = "<group>"; };
		F4E978691E7DB67500DF2E89 /* libxml2.tbd */ = {isa = PBXFileReference; lastKnownFileType = "sourcecode.text-based-dylib-definition"; name = libxml2.tbd; path = usr/lib/libxml2.tbd; sourceTree = SDKROOT; };
		F4E9786B1E7DB86100DF2E89 /* libc++.tbd */ = {isa = PBXFileReference; lastKnownFileType = "sourcecode.text-based-dylib-definition"; name = "libc++.tbd"; path = "usr/lib/libc++.tbd"; sourceTree = SDKROOT; };
		F4E9786C1E7DB86100DF2E89 /* libc.tbd */ = {isa = PBXFileReference; lastKnownFileType = "sourcecode.text-based-dylib-definition"; name = libc.tbd; path = usr/lib/libc.tbd; sourceTree = SDKROOT; };
		F4E978C91E7E3F3E00DF2E89 /* GoogleService-Info.plist */ = {isa = PBXFileReference; fileEncoding = 4; lastKnownFileType = text.plist.xml; path = "GoogleService-Info.plist"; sourceTree = "<group>"; };
		F4E978E31E7E3F8400DF2E89 /* Bolts.framework */ = {isa = PBXFileReference; lastKnownFileType = wrapper.framework; name = Bolts.framework; path = FacebookSDK/Bolts.framework; sourceTree = "<group>"; };
		F4E978E41E7E3F8400DF2E89 /* FacebookSDKStrings.bundle */ = {isa = PBXFileReference; lastKnownFileType = "wrapper.plug-in"; name = FacebookSDKStrings.bundle; path = FacebookSDK/FacebookSDKStrings.bundle; sourceTree = "<group>"; };
		F4E978E51E7E3F8400DF2E89 /* FBAudienceNetwork.framework */ = {isa = PBXFileReference; lastKnownFileType = wrapper.framework; name = FBAudienceNetwork.framework; path = FacebookSDK/FBAudienceNetwork.framework; sourceTree = "<group>"; };
		F4E978E61E7E3F8400DF2E89 /* FBSDKCoreKit.framework */ = {isa = PBXFileReference; lastKnownFileType = wrapper.framework; name = FBSDKCoreKit.framework; path = FacebookSDK/FBSDKCoreKit.framework; sourceTree = "<group>"; };
		F4E978E71E7E3F8400DF2E89 /* FBSDKLoginKit.framework */ = {isa = PBXFileReference; lastKnownFileType = wrapper.framework; name = FBSDKLoginKit.framework; path = FacebookSDK/FBSDKLoginKit.framework; sourceTree = "<group>"; };
		F4E978E81E7E3F8400DF2E89 /* FBSDKShareKit.framework */ = {isa = PBXFileReference; lastKnownFileType = wrapper.framework; name = FBSDKShareKit.framework; path = FacebookSDK/FBSDKShareKit.framework; sourceTree = "<group>"; };
		F4E979391E80307C00DF2E89 /* EVAuthenticationManager.h */ = {isa = PBXFileReference; fileEncoding = 4; lastKnownFileType = sourcecode.c.h; path = EVAuthenticationManager.h; sourceTree = "<group>"; };
		F4E9793A1E80307C00DF2E89 /* EVAuthenticationManager.m */ = {isa = PBXFileReference; fileEncoding = 4; lastKnownFileType = sourcecode.c.objc; path = EVAuthenticationManager.m; sourceTree = "<group>"; };
		F4E979DE1E80414300DF2E89 /* RealmManager.swift */ = {isa = PBXFileReference; fileEncoding = 4; lastKnownFileType = sourcecode.swift; path = RealmManager.swift; sourceTree = "<group>"; };
		F4E979E01E80475500DF2E89 /* Realm+Extension.swift */ = {isa = PBXFileReference; fileEncoding = 4; lastKnownFileType = sourcecode.swift; path = "Realm+Extension.swift"; sourceTree = "<group>"; };
		F4E979E21E804B7000DF2E89 /* Marco.swift */ = {isa = PBXFileReference; fileEncoding = 4; lastKnownFileType = sourcecode.swift; path = Marco.swift; sourceTree = "<group>"; };
		F4E979E41E80502F00DF2E89 /* EVUser.swift */ = {isa = PBXFileReference; fileEncoding = 4; lastKnownFileType = sourcecode.swift; path = EVUser.swift; sourceTree = "<group>"; };
		F4E979E61E80503A00DF2E89 /* EVSupplier.swift */ = {isa = PBXFileReference; fileEncoding = 4; lastKnownFileType = sourcecode.swift; path = EVSupplier.swift; sourceTree = "<group>"; };
		F4E979E81E80504600DF2E89 /* EVEvent.swift */ = {isa = PBXFileReference; fileEncoding = 4; lastKnownFileType = sourcecode.swift; path = EVEvent.swift; sourceTree = "<group>"; };
		F4E979EA1E80505200DF2E89 /* EVTask.swift */ = {isa = PBXFileReference; fileEncoding = 4; lastKnownFileType = sourcecode.swift; path = EVTask.swift; sourceTree = "<group>"; };
		F4E979EC1E80506D00DF2E89 /* EVNotification.swift */ = {isa = PBXFileReference; fileEncoding = 4; lastKnownFileType = sourcecode.swift; path = EVNotification.swift; sourceTree = "<group>"; };
		F4E979EE1E80507900DF2E89 /* EVAward.swift */ = {isa = PBXFileReference; fileEncoding = 4; lastKnownFileType = sourcecode.swift; path = EVAward.swift; sourceTree = "<group>"; };
		F4E979F01E80509500DF2E89 /* EVLocation.swift */ = {isa = PBXFileReference; fileEncoding = 4; lastKnownFileType = sourcecode.swift; path = EVLocation.swift; sourceTree = "<group>"; };
		F4E979F21E80509E00DF2E89 /* EVItem.swift */ = {isa = PBXFileReference; fileEncoding = 4; lastKnownFileType = sourcecode.swift; path = EVItem.swift; sourceTree = "<group>"; };
		F4F0ACA01E82D5C800D663A6 /* EVAppFactory.swift */ = {isa = PBXFileReference; fileEncoding = 4; lastKnownFileType = sourcecode.swift; path = EVAppFactory.swift; sourceTree = "<group>"; };
		F4F0ACB61E82D9DE00D663A6 /* Popover.swift */ = {isa = PBXFileReference; fileEncoding = 4; lastKnownFileType = sourcecode.swift; path = Popover.swift; sourceTree = "<group>"; };
		F4F0ACB81E82D9F300D663A6 /* DashLine.swift */ = {isa = PBXFileReference; fileEncoding = 4; lastKnownFileType = sourcecode.swift; path = DashLine.swift; sourceTree = "<group>"; };
		F4F0ACDF1E82DA1B00D663A6 /* LineView.swift */ = {isa = PBXFileReference; fileEncoding = 4; lastKnownFileType = sourcecode.swift; path = LineView.swift; sourceTree = "<group>"; };
		F4FABF651E8A634C0010BE41 /* EventGoCommon.xcodeproj */ = {isa = PBXFileReference; lastKnownFileType = "wrapper.pb-project"; name = EventGoCommon.xcodeproj; path = EventGoCommon/EventGoCommon.xcodeproj; sourceTree = "<group>"; };
/* End PBXFileReference section */

/* Begin PBXFrameworksBuildPhase section */
		F4AD8ACC1E7D3C310081F2F3 /* Frameworks */ = {
			isa = PBXFrameworksBuildPhase;
			buildActionMask = 2147483647;
			files = (
				F45683861EB26C7A007B2D61 /* ReactiveObjC.framework in Frameworks */,
				D06E45701E92AFCD003462FC /* libEventGoCommon.a in Frameworks */,
				D06E45711E92AFCD003462FC /* libEventGoNetwork.a in Frameworks */,
				F4056A171E82460600BEC162 /* Photos.framework in Frameworks */,
				F4056A151E8245FF00BEC162 /* AssetsLibrary.framework in Frameworks */,
				F4E9786D1E7DB86100DF2E89 /* libc++.tbd in Frameworks */,
				F4E978EE1E7E3F8400DF2E89 /* FBSDKShareKit.framework in Frameworks */,
				F4E978ED1E7E3F8400DF2E89 /* FBSDKLoginKit.framework in Frameworks */,
				F4E9786E1E7DB86100DF2E89 /* libc.tbd in Frameworks */,
				F4E978E91E7E3F8400DF2E89 /* Bolts.framework in Frameworks */,
				F4E9786A1E7DB67500DF2E89 /* libxml2.tbd in Frameworks */,
				F4E978EC1E7E3F8400DF2E89 /* FBSDKCoreKit.framework in Frameworks */,
				C9473D78746962E2D90F4191 /* Pods_EventGo_iOSApp.framework in Frameworks */,
			);
			runOnlyForDeploymentPostprocessing = 0;
		};
		F4AD8AE01E7D3C310081F2F3 /* Frameworks */ = {
			isa = PBXFrameworksBuildPhase;
			buildActionMask = 2147483647;
			files = (
				55F2CFC371258F545EE98BBF /* Pods_EventGo_iOSApp_EventGo_iOSAppTests.framework in Frameworks */,
			);
			runOnlyForDeploymentPostprocessing = 0;
		};
/* End PBXFrameworksBuildPhase section */

/* Begin PBXGroup section */
		18F6B69FB90C39A700773A62 /* Pods */ = {
			isa = PBXGroup;
			children = (
				6E25C8B0E62EC80BFED04877 /* Pods-EventGo-iOSApp.debug.xcconfig */,
				ACC9B2288DB560C0D3B72361 /* Pods-EventGo-iOSApp.release.xcconfig */,
				D2970CF6CE73C5F35F28774B /* Pods-EventGo-iOSApp-EventGo-iOSAppTests.debug.xcconfig */,
				30D79559D6DA0A5159C6CCD0 /* Pods-EventGo-iOSApp-EventGo-iOSAppTests.release.xcconfig */,
			);
			name = Pods;
			sourceTree = "<group>";
		};
		4C27AF5CB6999B032282C468 /* Frameworks */ = {
			isa = PBXGroup;
			children = (
				F45683851EB26C7A007B2D61 /* ReactiveObjC.framework */,
				D0C0579A1EAF531F00F3E11F /* MessageUI.framework */,
				F4056A161E82460600BEC162 /* Photos.framework */,
				F4056A141E8245FF00BEC162 /* AssetsLibrary.framework */,
				F4E9786B1E7DB86100DF2E89 /* libc++.tbd */,
				F4E9786C1E7DB86100DF2E89 /* libc.tbd */,
				F4E978691E7DB67500DF2E89 /* libxml2.tbd */,
				F4E978611E7DB48C00DF2E89 /* AccountKit.framework */,
				F4E978621E7DB48C00DF2E89 /* AccountKitStrings.bundle */,
				F4E978631E7DB48C00DF2E89 /* FBNotifications.framework */,
				6CC63F4ADD9D479D0BBD61CF /* Pods_EventGo_iOSApp.framework */,
				8B0BCB5DE24D9222EF211AD6 /* Pods_EventGo_iOSApp_EventGo_iOSAppTests.framework */,
			);
			name = Frameworks;
			sourceTree = "<group>";
		};
		D01B47D91E8B43D3007D990C /* View */ = {
			isa = PBXGroup;
			children = (
				D01B47DA1E8B43E7007D990C /* EventGo.storyboard */,
			);
			path = View;
			sourceTree = "<group>";
		};
		D02059E91EB4FD52004EA7D3 /* Award */ = {
			isa = PBXGroup;
			children = (
				D02059EE1EB4FDAD004EA7D3 /* EVInfoAwardViewController.swift */,
				D02059EA1EB4FD52004EA7D3 /* EVListAwardsCollectionViewCell.swift */,
				D02059EB1EB4FD52004EA7D3 /* EVListAwardsViewController.swift */,
			);
			path = Award;
			sourceTree = "<group>";
		};
		D037D91E1EABBA44006820A9 /* EVListEVents */ = {
			isa = PBXGroup;
			children = (
				D037D91F1EABBA44006820A9 /* EVListEventsViewController.swift */,
				D037D9211EABBA64006820A9 /* EVListEventsCollectionViewCell.swift */,
			);
			path = EVListEVents;
			sourceTree = "<group>";
		};
		D06C5FF11E8D60F400F473CA /* Service */ = {
			isa = PBXGroup;
			children = (
				D06C600D1E8E617600F473CA /* EVUserServices.swift */,
				F45F186C1EBCD83D00B38828 /* EVUserServices+Event.swift */,
				D06C5FF21E8D60F400F473CA /* EVAwardServices.swift */,
				D06C5FF31E8D60F400F473CA /* EVEventServices.swift */,
				D06C5FF41E8D60F400F473CA /* EVSupplierServices.swift */,
				D06C5FF51E8D60F400F473CA /* EVTaskServices.swift */,
				D06C5FFA1E8D647200F473CA /* EVLocationServices.swift */,
				D06C5FFC1E8D64E500F473CA /* EVItemServices.swift */,
				D06C60011E8D6C1B00F473CA /* EVBaseServices.swift */,
				D08721121E9D3A770016D6A5 /* EVClientService.swift */,
			);
			path = Service;
			sourceTree = "<group>";
		};
		D06E45631E92AF21003462FC /* Products */ = {
			isa = PBXGroup;
			children = (
				D06E45671E92AF21003462FC /* libEventGoNetwork.a */,
			);
			name = Products;
			sourceTree = "<group>";
		};
		D097FD801EB840CC004535F2 /* EVListEventsCalendar */ = {
			isa = PBXGroup;
			children = (
				D097FD811EB840FE004535F2 /* EVEventCollectionViewCell.swift */,
				D097FD831EB842A5004535F2 /* EVListHappeningEventsCollectionViewController.swift */,
				D097FD851EB84353004535F2 /* EVListUpcomingEventsCollectionViewController.swift */,
				D097FD871EB843EF004535F2 /* EVEventsViewController.swift */,
			);
			path = EVListEventsCalendar;
			sourceTree = "<group>";
		};
		F45F18821EBD87BD00B38828 /* AppFactory */ = {
			isa = PBXGroup;
			children = (
				F4F0ACA01E82D5C800D663A6 /* EVAppFactory.swift */,
				F45F18801EBD876D00B38828 /* EVAppFactoryUsers.swift */,
				F43D6A281EBE313D007DD1F9 /* EVAppFactoryClient.swift */,
			);
			name = AppFactory;
			sourceTree = "<group>";
		};
		F45F18851EBD8B7F00B38828 /* Helpers */ = {
			isa = PBXGroup;
			children = (
				F45F18861EBD8B7F00B38828 /* CTDateFormart.swift */,
				F45F18871EBD8B7F00B38828 /* Date+Extension.swift */,
				F45F18881EBD8B7F00B38828 /* EVItemProtocol.swift */,
				F45F18891EBD8B7F00B38828 /* EVReactNetwork+Extension.swift */,
				F45F188A1EBD8B7F00B38828 /* EVString.swift */,
				F45F188B1EBD8B7F00B38828 /* MBProgressHUD+Extension.swift */,
				F45F188C1EBD8B7F00B38828 /* NSError+Extension.swift */,
				F45F188D1EBD8B7F00B38828 /* String+Extension.swift */,
				F45F188E1EBD8B7F00B38828 /* UIAlertController+Extension.swift */,
				F45F188F1EBD8B7F00B38828 /* UIColor+Extension.swift */,
				F45F18901EBD8B7F00B38828 /* UIView+Extension.swift */,
				F45F18911EBD8B7F00B38828 /* UIViewController+Action.swift */,
				F45F18921EBD8B7F00B38828 /* VersionSupport.swift */,
				F45F18A31EBD903D00B38828 /* EVToaster.swift */,
			);
			path = Helpers;
			sourceTree = "<group>";
		};
		F4AD8AC61E7D3C310081F2F3 = {
			isa = PBXGroup;
			children = (
				F4AD8AD11E7D3C310081F2F3 /* EventGo-iOSApp */,
				F4AD8AE61E7D3C310081F2F3 /* EventGo-iOSAppTests */,
				F4AD8AD01E7D3C310081F2F3 /* Products */,
				18F6B69FB90C39A700773A62 /* Pods */,
				4C27AF5CB6999B032282C468 /* Frameworks */,
			);
			sourceTree = "<group>";
		};
		F4AD8AD01E7D3C310081F2F3 /* Products */ = {
			isa = PBXGroup;
			children = (
				F4AD8ACF1E7D3C310081F2F3 /* EventGo-iOSApp.app */,
				F4AD8AE31E7D3C310081F2F3 /* EventGo-iOSAppTests.xctest */,
			);
			name = Products;
			sourceTree = "<group>";
		};
		F4AD8AD11E7D3C310081F2F3 /* EventGo-iOSApp */ = {
			isa = PBXGroup;
			children = (
				F45F187A1EBCF81100B38828 /* EventGo-iOSApp.entitlements */,
				D06C5FF11E8D60F400F473CA /* Service */,
				D01B47D91E8B43D3007D990C /* View */,
				F4AD8BBE1E7D3D1F0081F2F3 /* AppDelegate */,
				F4AD8BC01E7D3D1F0081F2F3 /* Configures */,
				F45F18851EBD8B7F00B38828 /* Helpers */,
				F4F0ACA61E82D99600D663A6 /* Controls */,
				F4AD8BC11E7D3D1F0081F2F3 /* Controllers */,
				F4AD8BC31E7D3D1F0081F2F3 /* Managers */,
				F4AD8BC41E7D3D1F0081F2F3 /* Models */,
				F4AD8AF21E7D3C4F0081F2F3 /* Libs */,
				F4AD8BBD1E7D3C7B0081F2F3 /* SupportingFiles */,
			);
			path = "EventGo-iOSApp";
			sourceTree = "<group>";
		};
		F4AD8AE61E7D3C310081F2F3 /* EventGo-iOSAppTests */ = {
			isa = PBXGroup;
			children = (
				F4AD8AE71E7D3C310081F2F3 /* EventGo_iOSAppTests.swift */,
				F4AD8AE91E7D3C310081F2F3 /* Info.plist */,
			);
			path = "EventGo-iOSAppTests";
			sourceTree = "<group>";
		};
		F4AD8AF21E7D3C4F0081F2F3 /* Libs */ = {
			isa = PBXGroup;
			children = (
				D06E45621E92AF21003462FC /* EventGoNetwork.xcodeproj */,
				F4FABF651E8A634C0010BE41 /* EventGoCommon.xcodeproj */,
				F4E978521E7DA7BC00DF2E89 /* FacebookSDK */,
			);
			path = Libs;
			sourceTree = "<group>";
		};
		F4AD8BBD1E7D3C7B0081F2F3 /* SupportingFiles */ = {
			isa = PBXGroup;
			children = (
				F4E976F21EC04D3B006D46DA /* mapstogpx_Test.gpx */,
				F4AB21221EB266BB0047CED0 /* Event_Go_App_Client.mobileprovision */,
				F4E978C91E7E3F3E00DF2E89 /* GoogleService-Info.plist */,
				F4AD8AD91E7D3C310081F2F3 /* Assets.xcassets */,
				F4AD8ADB1E7D3C310081F2F3 /* LaunchScreen.storyboard */,
				F4AD8ADE1E7D3C310081F2F3 /* Info.plist */,
				F4E977E11E7DA25000DF2E89 /* EventGo-iOSApp-Bridging-Header.h */,
			);
			name = SupportingFiles;
			sourceTree = "<group>";
		};
		F4AD8BBE1E7D3D1F0081F2F3 /* AppDelegate */ = {
			isa = PBXGroup;
			children = (
				F4AD8BBF1E7D3D1F0081F2F3 /* AppDelegate.swift */,
			);
			path = AppDelegate;
			sourceTree = "<group>";
		};
		F4AD8BC01E7D3D1F0081F2F3 /* Configures */ = {
			isa = PBXGroup;
			children = (
				F4E979E21E804B7000DF2E89 /* Marco.swift */,
				F4056A181E82810500BEC162 /* Constants.swift */,
				F4056A0E1E8240FC00BEC162 /* EVLog.swift */,
			);
			path = Configures;
			sourceTree = "<group>";
		};
		F4AD8BC11E7D3D1F0081F2F3 /* Controllers */ = {
			isa = PBXGroup;
			children = (
				D02059E91EB4FD52004EA7D3 /* Award */,
				D037D91E1EABBA44006820A9 /* EVListEVents */,
				D097FD801EB840CC004535F2 /* EVListEventsCalendar */,
				F4CAA6A51E82E9A70084FC51 /* Stores */,
				F4CAA68C1E82E8A50084FC51 /* LoginViewController */,
				F4AD8BC21E7D3D1F0081F2F3 /* EVViewController.swift */,
				D06C5FE01E8D326800F473CA /* EVLogInViewController.swift */,
				D06C601D1E8ECB1F00F473CA /* EVMainGameController.swift */,
				D043DF321E99003E006DE8ED /* EVDefaultViewController.swift */,
				D0A273541E993A7B00374E71 /* EVUpdateUserInfoViewController.swift */,
				D0A982B71E994B9F003162D9 /* EVPopOverController.swift */,
				D087211C1E9DE6BB0016D6A5 /* EVMainBottom.swift */,
				D037D91A1EAB570A006820A9 /* EVInfoTaskViewController.swift */,
			);
			path = Controllers;
			sourceTree = "<group>";
		};
		F4AD8BC31E7D3D1F0081F2F3 /* Managers */ = {
			isa = PBXGroup;
			children = (
				D0521DA91E95245000A9C662 /* EVMarkerManager.swift */,
				F45F18821EBD87BD00B38828 /* AppFactory */,
				F4E979DD1E80413200DF2E89 /* Realm */,
				F4E979DC1E80412400DF2E89 /* Authentication */,
			);
			path = Managers;
			sourceTree = "<group>";
		};
		F4AD8BC41E7D3D1F0081F2F3 /* Models */ = {
			isa = PBXGroup;
			children = (
				F4E979E41E80502F00DF2E89 /* EVUser.swift */,
				F4E979E61E80503A00DF2E89 /* EVSupplier.swift */,
				F4E979E81E80504600DF2E89 /* EVEvent.swift */,
				F4E979EA1E80505200DF2E89 /* EVTask.swift */,
				F4E979EC1E80506D00DF2E89 /* EVNotification.swift */,
				F4E979EE1E80507900DF2E89 /* EVAward.swift */,
				F4E979F01E80509500DF2E89 /* EVLocation.swift */,
				F4E979F21E80509E00DF2E89 /* EVItem.swift */,
				D06C60091E8E5D0900F473CA /* EVUserInfo.swift */,
				D06E45521E929CC4003462FC /* EVButtonModel.swift */,
				D037D90A1EA8B876006820A9 /* EVProtocol.swift */,
				D0C057941EAEDA6B00F3E11F /* EVDevice.swift */,
			);
			path = Models;
			sourceTree = "<group>";
		};
		F4CAA68C1E82E8A50084FC51 /* LoginViewController */ = {
			isa = PBXGroup;
			children = (
			);
			path = LoginViewController;
			sourceTree = "<group>";
		};
		F4CAA68F1E82E8A50084FC51 /* StoreController */ = {
			isa = PBXGroup;
			children = (
				F4CAA6901E82E8A50084FC51 /* EVStoreCollectionViewCell.swift */,
				F4CAA6921E82E8A50084FC51 /* StoreHeaderView.swift */,
			);
			path = StoreController;
			sourceTree = "<group>";
		};
		F4CAA6A51E82E9A70084FC51 /* Stores */ = {
			isa = PBXGroup;
			children = (
				F4CAA68F1E82E8A50084FC51 /* StoreController */,
				F4CAA6861E82E8A50084FC51 /* EVDetailEventViewController.swift */,
			);
			name = Stores;
			sourceTree = "<group>";
		};
		F4CAA6AA1E82E9D70084FC51 /* EGItemStoreView */ = {
			isa = PBXGroup;
			children = (
				F4CAA6A61E82E9D20084FC51 /* EGItemStoreView.swift */,
				F4CAA6A71E82E9D20084FC51 /* EGItemStoreView.xib */,
			);
			name = EGItemStoreView;
			sourceTree = "<group>";
		};
		F4E978521E7DA7BC00DF2E89 /* FacebookSDK */ = {
			isa = PBXGroup;
			children = (
				F4E978E31E7E3F8400DF2E89 /* Bolts.framework */,
				F4E978E41E7E3F8400DF2E89 /* FacebookSDKStrings.bundle */,
				F4E978E51E7E3F8400DF2E89 /* FBAudienceNetwork.framework */,
				F4E978E61E7E3F8400DF2E89 /* FBSDKCoreKit.framework */,
				F4E978E71E7E3F8400DF2E89 /* FBSDKLoginKit.framework */,
				F4E978E81E7E3F8400DF2E89 /* FBSDKShareKit.framework */,
			);
			name = FacebookSDK;
			sourceTree = "<group>";
		};
		F4E979DC1E80412400DF2E89 /* Authentication */ = {
			isa = PBXGroup;
			children = (
				F4E979391E80307C00DF2E89 /* EVAuthenticationManager.h */,
				F4E9793A1E80307C00DF2E89 /* EVAuthenticationManager.m */,
			);
			name = Authentication;
			sourceTree = "<group>";
		};
		F4E979DD1E80413200DF2E89 /* Realm */ = {
			isa = PBXGroup;
			children = (
				F4E979DE1E80414300DF2E89 /* RealmManager.swift */,
				F4E979E01E80475500DF2E89 /* Realm+Extension.swift */,
			);
			name = Realm;
			sourceTree = "<group>";
		};
		F4F0ACA61E82D99600D663A6 /* Controls */ = {
			isa = PBXGroup;
			children = (
				F4CAA6AA1E82E9D70084FC51 /* EGItemStoreView */,
				F4CAA6A01E82E8C50084FC51 /* EGoPopupView.swift */,
				F4CAA69E1E82E8BB0084FC51 /* EGoButton.swift */,
				F4F0ACB81E82D9F300D663A6 /* DashLine.swift */,
				F4F0ACDF1E82DA1B00D663A6 /* LineView.swift */,
				D080D8E71E9BDDBD00BE77AC /* EVEnum.swift */,
				F4F0ACB51E82D9DE00D663A6 /* Popover */,
			);
			name = Controls;
			sourceTree = "<group>";
		};
		F4F0ACB51E82D9DE00D663A6 /* Popover */ = {
			isa = PBXGroup;
			children = (
				D080D8E51E9BDD0F00BE77AC /* EVPopOverView.swift */,
				F4F0ACB61E82D9DE00D663A6 /* Popover.swift */,
			);
			path = Popover;
			sourceTree = "<group>";
		};
		F4FABF661E8A634C0010BE41 /* Products */ = {
			isa = PBXGroup;
			children = (
				F4FABF6B1E8A634D0010BE41 /* libEventGoCommon.a */,
			);
			name = Products;
			sourceTree = "<group>";
		};
/* End PBXGroup section */

/* Begin PBXNativeTarget section */
		F4AD8ACE1E7D3C310081F2F3 /* EventGo-iOSApp */ = {
			isa = PBXNativeTarget;
			buildConfigurationList = F4AD8AEC1E7D3C310081F2F3 /* Build configuration list for PBXNativeTarget "EventGo-iOSApp" */;
			buildPhases = (
				A58A88A7DE7B26D5DC7E28FF /* [CP] Check Pods Manifest.lock */,
				F4AD8ACB1E7D3C310081F2F3 /* Sources */,
				F4AD8ACC1E7D3C310081F2F3 /* Frameworks */,
				F4AD8ACD1E7D3C310081F2F3 /* Resources */,
				8AB9BFE88B8E4513235A2D7D /* [CP] Embed Pods Frameworks */,
				E0D630BA2DFAD2520F2962E4 /* [CP] Copy Pods Resources */,
				F4E978A21E7E38DD00DF2E89 /* Embed Frameworks */,
			);
			buildRules = (
			);
			dependencies = (
				D06E456D1E92AFC7003462FC /* PBXTargetDependency */,
				D06E456F1E92AFC7003462FC /* PBXTargetDependency */,
			);
			name = "EventGo-iOSApp";
			productName = "EventGo-iOSApp";
			productReference = F4AD8ACF1E7D3C310081F2F3 /* EventGo-iOSApp.app */;
			productType = "com.apple.product-type.application";
		};
		F4AD8AE21E7D3C310081F2F3 /* EventGo-iOSAppTests */ = {
			isa = PBXNativeTarget;
			buildConfigurationList = F4AD8AEF1E7D3C310081F2F3 /* Build configuration list for PBXNativeTarget "EventGo-iOSAppTests" */;
			buildPhases = (
				940A7D83953510E51E71DB7D /* [CP] Check Pods Manifest.lock */,
				F4AD8ADF1E7D3C310081F2F3 /* Sources */,
				F4AD8AE01E7D3C310081F2F3 /* Frameworks */,
				F4AD8AE11E7D3C310081F2F3 /* Resources */,
				08A2F2DBB983BC2FAD81B3A3 /* [CP] Embed Pods Frameworks */,
				A658B9175B92318AC1C48F24 /* [CP] Copy Pods Resources */,
			);
			buildRules = (
			);
			dependencies = (
				F4AD8AE51E7D3C310081F2F3 /* PBXTargetDependency */,
			);
			name = "EventGo-iOSAppTests";
			productName = "EventGo-iOSAppTests";
			productReference = F4AD8AE31E7D3C310081F2F3 /* EventGo-iOSAppTests.xctest */;
			productType = "com.apple.product-type.bundle.unit-test";
		};
/* End PBXNativeTarget section */

/* Begin PBXProject section */
		F4AD8AC71E7D3C310081F2F3 /* Project object */ = {
			isa = PBXProject;
			attributes = {
				LastSwiftUpdateCheck = 0820;
				LastUpgradeCheck = 0820;
				ORGANIZATIONNAME = "Quach Ha Chan Thanh";
				TargetAttributes = {
					F4AD8ACE1E7D3C310081F2F3 = {
						CreatedOnToolsVersion = 8.2.1;
						DevelopmentTeam = 46L7LRCV4G;
						LastSwiftMigration = 0830;
						ProvisioningStyle = Manual;
						SystemCapabilities = {
							com.apple.Push = {
								enabled = 0;
							};
						};
					};
					F4AD8AE21E7D3C310081F2F3 = {
						CreatedOnToolsVersion = 8.2.1;
						DevelopmentTeam = ZPV9U8ULVA;
						ProvisioningStyle = Automatic;
						TestTargetID = F4AD8ACE1E7D3C310081F2F3;
					};
				};
			};
			buildConfigurationList = F4AD8ACA1E7D3C310081F2F3 /* Build configuration list for PBXProject "EventGo-iOSApp" */;
			compatibilityVersion = "Xcode 3.2";
			developmentRegion = English;
			hasScannedForEncodings = 0;
			knownRegions = (
				en,
				Base,
			);
			mainGroup = F4AD8AC61E7D3C310081F2F3;
			productRefGroup = F4AD8AD01E7D3C310081F2F3 /* Products */;
			projectDirPath = "";
			projectReferences = (
				{
					ProductGroup = F4FABF661E8A634C0010BE41 /* Products */;
					ProjectRef = F4FABF651E8A634C0010BE41 /* EventGoCommon.xcodeproj */;
				},
				{
					ProductGroup = D06E45631E92AF21003462FC /* Products */;
					ProjectRef = D06E45621E92AF21003462FC /* EventGoNetwork.xcodeproj */;
				},
			);
			projectRoot = "";
			targets = (
				F4AD8ACE1E7D3C310081F2F3 /* EventGo-iOSApp */,
				F4AD8AE21E7D3C310081F2F3 /* EventGo-iOSAppTests */,
			);
		};
/* End PBXProject section */

/* Begin PBXReferenceProxy section */
		D06E45671E92AF21003462FC /* libEventGoNetwork.a */ = {
			isa = PBXReferenceProxy;
			fileType = archive.ar;
			path = libEventGoNetwork.a;
			remoteRef = D06E45661E92AF21003462FC /* PBXContainerItemProxy */;
			sourceTree = BUILT_PRODUCTS_DIR;
		};
		F4FABF6B1E8A634D0010BE41 /* libEventGoCommon.a */ = {
			isa = PBXReferenceProxy;
			fileType = archive.ar;
			path = libEventGoCommon.a;
			remoteRef = F4FABF6A1E8A634D0010BE41 /* PBXContainerItemProxy */;
			sourceTree = BUILT_PRODUCTS_DIR;
		};
/* End PBXReferenceProxy section */

/* Begin PBXResourcesBuildPhase section */
		F4AD8ACD1E7D3C310081F2F3 /* Resources */ = {
			isa = PBXResourcesBuildPhase;
			buildActionMask = 2147483647;
			files = (
				F4AD8ADD1E7D3C310081F2F3 /* LaunchScreen.storyboard in Resources */,
				F4E976F31EC04D3B006D46DA /* mapstogpx_Test.gpx in Resources */,
				F4E978CA1E7E3F3E00DF2E89 /* GoogleService-Info.plist in Resources */,
				F4AB21231EB266BB0047CED0 /* Event_Go_App_Client.mobileprovision in Resources */,
				F4AD8ADA1E7D3C310081F2F3 /* Assets.xcassets in Resources */,
				F4E978EA1E7E3F8400DF2E89 /* FacebookSDKStrings.bundle in Resources */,
				D01B47DB1E8B43E7007D990C /* EventGo.storyboard in Resources */,
				F4CAA6A91E82E9D20084FC51 /* EGItemStoreView.xib in Resources */,
			);
			runOnlyForDeploymentPostprocessing = 0;
		};
		F4AD8AE11E7D3C310081F2F3 /* Resources */ = {
			isa = PBXResourcesBuildPhase;
			buildActionMask = 2147483647;
			files = (
			);
			runOnlyForDeploymentPostprocessing = 0;
		};
/* End PBXResourcesBuildPhase section */

/* Begin PBXShellScriptBuildPhase section */
		08A2F2DBB983BC2FAD81B3A3 /* [CP] Embed Pods Frameworks */ = {
			isa = PBXShellScriptBuildPhase;
			buildActionMask = 2147483647;
			files = (
			);
			inputPaths = (
			);
			name = "[CP] Embed Pods Frameworks";
			outputPaths = (
			);
			runOnlyForDeploymentPostprocessing = 0;
			shellPath = /bin/sh;
			shellScript = "\"${SRCROOT}/Pods/Target Support Files/Pods-EventGo-iOSApp-EventGo-iOSAppTests/Pods-EventGo-iOSApp-EventGo-iOSAppTests-frameworks.sh\"\n";
			showEnvVarsInLog = 0;
		};
		8AB9BFE88B8E4513235A2D7D /* [CP] Embed Pods Frameworks */ = {
			isa = PBXShellScriptBuildPhase;
			buildActionMask = 2147483647;
			files = (
			);
			inputPaths = (
			);
			name = "[CP] Embed Pods Frameworks";
			outputPaths = (
			);
			runOnlyForDeploymentPostprocessing = 0;
			shellPath = /bin/sh;
			shellScript = "\"${SRCROOT}/Pods/Target Support Files/Pods-EventGo-iOSApp/Pods-EventGo-iOSApp-frameworks.sh\"\n";
			showEnvVarsInLog = 0;
		};
		940A7D83953510E51E71DB7D /* [CP] Check Pods Manifest.lock */ = {
			isa = PBXShellScriptBuildPhase;
			buildActionMask = 2147483647;
			files = (
			);
			inputPaths = (
			);
			name = "[CP] Check Pods Manifest.lock";
			outputPaths = (
			);
			runOnlyForDeploymentPostprocessing = 0;
			shellPath = /bin/sh;
			shellScript = "diff \"${PODS_ROOT}/../Podfile.lock\" \"${PODS_ROOT}/Manifest.lock\" > /dev/null\nif [ $? != 0 ] ; then\n    # print error to STDERR\n    echo \"error: The sandbox is not in sync with the Podfile.lock. Run 'pod install' or update your CocoaPods installation.\" >&2\n    exit 1\nfi\n";
			showEnvVarsInLog = 0;
		};
		A58A88A7DE7B26D5DC7E28FF /* [CP] Check Pods Manifest.lock */ = {
			isa = PBXShellScriptBuildPhase;
			buildActionMask = 2147483647;
			files = (
			);
			inputPaths = (
			);
			name = "[CP] Check Pods Manifest.lock";
			outputPaths = (
			);
			runOnlyForDeploymentPostprocessing = 0;
			shellPath = /bin/sh;
			shellScript = "diff \"${PODS_ROOT}/../Podfile.lock\" \"${PODS_ROOT}/Manifest.lock\" > /dev/null\nif [ $? != 0 ] ; then\n    # print error to STDERR\n    echo \"error: The sandbox is not in sync with the Podfile.lock. Run 'pod install' or update your CocoaPods installation.\" >&2\n    exit 1\nfi\n";
			showEnvVarsInLog = 0;
		};
		A658B9175B92318AC1C48F24 /* [CP] Copy Pods Resources */ = {
			isa = PBXShellScriptBuildPhase;
			buildActionMask = 2147483647;
			files = (
			);
			inputPaths = (
			);
			name = "[CP] Copy Pods Resources";
			outputPaths = (
			);
			runOnlyForDeploymentPostprocessing = 0;
			shellPath = /bin/sh;
			shellScript = "\"${SRCROOT}/Pods/Target Support Files/Pods-EventGo-iOSApp-EventGo-iOSAppTests/Pods-EventGo-iOSApp-EventGo-iOSAppTests-resources.sh\"\n";
			showEnvVarsInLog = 0;
		};
		E0D630BA2DFAD2520F2962E4 /* [CP] Copy Pods Resources */ = {
			isa = PBXShellScriptBuildPhase;
			buildActionMask = 2147483647;
			files = (
			);
			inputPaths = (
			);
			name = "[CP] Copy Pods Resources";
			outputPaths = (
			);
			runOnlyForDeploymentPostprocessing = 0;
			shellPath = /bin/sh;
			shellScript = "\"${SRCROOT}/Pods/Target Support Files/Pods-EventGo-iOSApp/Pods-EventGo-iOSApp-resources.sh\"\n";
			showEnvVarsInLog = 0;
		};
/* End PBXShellScriptBuildPhase section */

/* Begin PBXSourcesBuildPhase section */
		F4AD8ACB1E7D3C310081F2F3 /* Sources */ = {
			isa = PBXSourcesBuildPhase;
			buildActionMask = 2147483647;
			files = (
				D097FD821EB840FE004535F2 /* EVEventCollectionViewCell.swift in Sources */,
				D0C058451EAF578800F3E11F /* EVUserServices.swift in Sources */,
				F43D6A291EBE313D007DD1F9 /* EVAppFactoryClient.swift in Sources */,
				D0C058461EAF578800F3E11F /* EVAwardServices.swift in Sources */,
				D0C058471EAF578800F3E11F /* EVEventServices.swift in Sources */,
				D0C058481EAF578800F3E11F /* EVSupplierServices.swift in Sources */,
				F45F186D1EBCD83D00B38828 /* EVUserServices+Event.swift in Sources */,
				D0C058491EAF578800F3E11F /* EVTaskServices.swift in Sources */,
				D0C0584A1EAF578800F3E11F /* EVLocationServices.swift in Sources */,
				F45F18971EBD8B7F00B38828 /* EVString.swift in Sources */,
				D0C0584B1EAF578800F3E11F /* EVItemServices.swift in Sources */,
				F45F18941EBD8B7F00B38828 /* Date+Extension.swift in Sources */,
				D0C0584C1EAF578800F3E11F /* EVBaseServices.swift in Sources */,
				D0C0584D1EAF578800F3E11F /* EVClientService.swift in Sources */,
				D0C0584F1EAF578800F3E11F /* AppDelegate.swift in Sources */,
				D0C058501EAF578800F3E11F /* Marco.swift in Sources */,
				D0C058511EAF578800F3E11F /* Constants.swift in Sources */,
				D0C058521EAF578800F3E11F /* EVLog.swift in Sources */,
				F45F18811EBD876D00B38828 /* EVAppFactoryUsers.swift in Sources */,
				D0C058541EAF578800F3E11F /* EVAppFactory.swift in Sources */,
				D0C0585C1EAF578800F3E11F /* EGItemStoreView.swift in Sources */,
				F45F18961EBD8B7F00B38828 /* EVReactNetwork+Extension.swift in Sources */,
				D0C0585E1EAF578800F3E11F /* EGoPopupView.swift in Sources */,
				F45F189E1EBD8B7F00B38828 /* UIViewController+Action.swift in Sources */,
				F45F189D1EBD8B7F00B38828 /* UIView+Extension.swift in Sources */,
				D0C0585F1EAF578800F3E11F /* EGoButton.swift in Sources */,
				D0C058601EAF578800F3E11F /* DashLine.swift in Sources */,
				D0C058611EAF578800F3E11F /* LineView.swift in Sources */,
				D0C058621EAF578800F3E11F /* EVEnum.swift in Sources */,
				D0C058631EAF578800F3E11F /* EVPopOverView.swift in Sources */,
				D0C058641EAF578800F3E11F /* Popover.swift in Sources */,
				F45F18981EBD8B7F00B38828 /* MBProgressHUD+Extension.swift in Sources */,
				D02059ED1EB4FD52004EA7D3 /* EVListAwardsViewController.swift in Sources */,
				F45F189A1EBD8B7F00B38828 /* String+Extension.swift in Sources */,
				F45F189F1EBD8B7F00B38828 /* VersionSupport.swift in Sources */,
				D0C0586A1EAF578800F3E11F /* EVListEventsViewController.swift in Sources */,
				D0C0586B1EAF578800F3E11F /* EVListEventsCollectionViewCell.swift in Sources */,
				D0C0586C1EAF578800F3E11F /* EVStoreCollectionViewCell.swift in Sources */,
				F45F189C1EBD8B7F00B38828 /* UIColor+Extension.swift in Sources */,
				D0C0586D1EAF578800F3E11F /* StoreHeaderView.swift in Sources */,
				D0C0586E1EAF578800F3E11F /* EVDetailEventViewController.swift in Sources */,
				D0C058701EAF578800F3E11F /* EVViewController.swift in Sources */,
				F45F18951EBD8B7F00B38828 /* EVItemProtocol.swift in Sources */,
				D0C058711EAF578800F3E11F /* EVLogInViewController.swift in Sources */,
				D0C058721EAF578800F3E11F /* EVMainGameController.swift in Sources */,
				D0C058731EAF578800F3E11F /* EVDefaultViewController.swift in Sources */,
				D0C058741EAF578800F3E11F /* EVUpdateUserInfoViewController.swift in Sources */,
				D0C058751EAF578800F3E11F /* EVPopOverController.swift in Sources */,
				D02059EF1EB4FDAD004EA7D3 /* EVInfoAwardViewController.swift in Sources */,
				F45F18931EBD8B7F00B38828 /* CTDateFormart.swift in Sources */,
				D097FD841EB842A5004535F2 /* EVListHappeningEventsCollectionViewController.swift in Sources */,
				F45F189B1EBD8B7F00B38828 /* UIAlertController+Extension.swift in Sources */,
				D0C058761EAF578800F3E11F /* EVMainBottom.swift in Sources */,
				F45F18991EBD8B7F00B38828 /* NSError+Extension.swift in Sources */,
				F45F18A41EBD903D00B38828 /* EVToaster.swift in Sources */,
				D0C058771EAF578800F3E11F /* EVInfoTaskViewController.swift in Sources */,
				D0C058791EAF578800F3E11F /* RealmManager.swift in Sources */,
				D0C0587A1EAF578800F3E11F /* Realm+Extension.swift in Sources */,
				D0C0587B1EAF578800F3E11F /* EVAuthenticationManager.h in Sources */,
				D0C0587C1EAF578800F3E11F /* EVAuthenticationManager.m in Sources */,
				D097FD861EB84353004535F2 /* EVListUpcomingEventsCollectionViewController.swift in Sources */,
				D0C0587D1EAF578800F3E11F /* EVUser.swift in Sources */,
				D0C0587E1EAF578800F3E11F /* EVSupplier.swift in Sources */,
				D0C0587F1EAF578800F3E11F /* EVEvent.swift in Sources */,
				D0C058801EAF578800F3E11F /* EVTask.swift in Sources */,
				D0C058811EAF578800F3E11F /* EVNotification.swift in Sources */,
				D097FD881EB843EF004535F2 /* EVEventsViewController.swift in Sources */,
				D0C058821EAF578800F3E11F /* EVAward.swift in Sources */,
				D0C058831EAF578800F3E11F /* EVLocation.swift in Sources */,
				D0C058841EAF578800F3E11F /* EVItem.swift in Sources */,
				D0C058851EAF578800F3E11F /* EVUserInfo.swift in Sources */,
				D0C058861EAF578800F3E11F /* EVButtonModel.swift in Sources */,
				D0C058871EAF578800F3E11F /* EVMarkerManager.swift in Sources */,
				D0C058881EAF578800F3E11F /* EVProtocol.swift in Sources */,
				D02059EC1EB4FD52004EA7D3 /* EVListAwardsCollectionViewCell.swift in Sources */,
				D0C058891EAF578800F3E11F /* EVDevice.swift in Sources */,
			);
			runOnlyForDeploymentPostprocessing = 0;
		};
		F4AD8ADF1E7D3C310081F2F3 /* Sources */ = {
			isa = PBXSourcesBuildPhase;
			buildActionMask = 2147483647;
			files = (
				F4AD8AE81E7D3C310081F2F3 /* EventGo_iOSAppTests.swift in Sources */,
			);
			runOnlyForDeploymentPostprocessing = 0;
		};
/* End PBXSourcesBuildPhase section */

/* Begin PBXTargetDependency section */
		D06E456D1E92AFC7003462FC /* PBXTargetDependency */ = {
			isa = PBXTargetDependency;
			name = EventGoNetwork;
			targetProxy = D06E456C1E92AFC7003462FC /* PBXContainerItemProxy */;
		};
		D06E456F1E92AFC7003462FC /* PBXTargetDependency */ = {
			isa = PBXTargetDependency;
			name = EventGoCommon;
			targetProxy = D06E456E1E92AFC7003462FC /* PBXContainerItemProxy */;
		};
		F4AD8AE51E7D3C310081F2F3 /* PBXTargetDependency */ = {
			isa = PBXTargetDependency;
			target = F4AD8ACE1E7D3C310081F2F3 /* EventGo-iOSApp */;
			targetProxy = F4AD8AE41E7D3C310081F2F3 /* PBXContainerItemProxy */;
		};
/* End PBXTargetDependency section */

/* Begin PBXVariantGroup section */
		F4AD8ADB1E7D3C310081F2F3 /* LaunchScreen.storyboard */ = {
			isa = PBXVariantGroup;
			children = (
				F4AD8ADC1E7D3C310081F2F3 /* Base */,
			);
			name = LaunchScreen.storyboard;
			sourceTree = "<group>";
		};
/* End PBXVariantGroup section */

/* Begin XCBuildConfiguration section */
		F4AD8AEA1E7D3C310081F2F3 /* Debug */ = {
			isa = XCBuildConfiguration;
			buildSettings = {
				ALWAYS_SEARCH_USER_PATHS = NO;
				CLANG_ANALYZER_NONNULL = YES;
				CLANG_CXX_LANGUAGE_STANDARD = "gnu++0x";
				CLANG_CXX_LIBRARY = "libc++";
				CLANG_ENABLE_MODULES = YES;
				CLANG_ENABLE_OBJC_ARC = YES;
				CLANG_WARN_BOOL_CONVERSION = YES;
				CLANG_WARN_CONSTANT_CONVERSION = YES;
				CLANG_WARN_DIRECT_OBJC_ISA_USAGE = YES_ERROR;
				CLANG_WARN_DOCUMENTATION_COMMENTS = YES;
				CLANG_WARN_EMPTY_BODY = YES;
				CLANG_WARN_ENUM_CONVERSION = YES;
				CLANG_WARN_INFINITE_RECURSION = YES;
				CLANG_WARN_INT_CONVERSION = YES;
				CLANG_WARN_OBJC_ROOT_CLASS = YES_ERROR;
				CLANG_WARN_SUSPICIOUS_MOVE = YES;
				CLANG_WARN_UNREACHABLE_CODE = YES;
				CLANG_WARN__DUPLICATE_METHOD_MATCH = YES;
				"CODE_SIGN_IDENTITY[sdk=iphoneos*]" = "iPhone Developer";
				COPY_PHASE_STRIP = NO;
				DEBUG_INFORMATION_FORMAT = dwarf;
				ENABLE_STRICT_OBJC_MSGSEND = YES;
				ENABLE_TESTABILITY = YES;
				GCC_C_LANGUAGE_STANDARD = gnu99;
				GCC_DYNAMIC_NO_PIC = NO;
				GCC_NO_COMMON_BLOCKS = YES;
				GCC_OPTIMIZATION_LEVEL = 0;
				GCC_PREPROCESSOR_DEFINITIONS = (
					"DEBUG=1",
					"$(inherited)",
				);
				GCC_WARN_64_TO_32_BIT_CONVERSION = YES;
				GCC_WARN_ABOUT_RETURN_TYPE = YES_ERROR;
				GCC_WARN_UNDECLARED_SELECTOR = YES;
				GCC_WARN_UNINITIALIZED_AUTOS = YES_AGGRESSIVE;
				GCC_WARN_UNUSED_FUNCTION = YES;
				GCC_WARN_UNUSED_VARIABLE = YES;
				IPHONEOS_DEPLOYMENT_TARGET = 10.2;
				MTL_ENABLE_DEBUG_INFO = YES;
				ONLY_ACTIVE_ARCH = YES;
				SDKROOT = iphoneos;
				SWIFT_ACTIVE_COMPILATION_CONDITIONS = DEBUG;
				SWIFT_OPTIMIZATION_LEVEL = "-Onone";
				TARGETED_DEVICE_FAMILY = "1,2";
			};
			name = Debug;
		};
		F4AD8AEB1E7D3C310081F2F3 /* Release */ = {
			isa = XCBuildConfiguration;
			buildSettings = {
				ALWAYS_SEARCH_USER_PATHS = NO;
				CLANG_ANALYZER_NONNULL = YES;
				CLANG_CXX_LANGUAGE_STANDARD = "gnu++0x";
				CLANG_CXX_LIBRARY = "libc++";
				CLANG_ENABLE_MODULES = YES;
				CLANG_ENABLE_OBJC_ARC = YES;
				CLANG_WARN_BOOL_CONVERSION = YES;
				CLANG_WARN_CONSTANT_CONVERSION = YES;
				CLANG_WARN_DIRECT_OBJC_ISA_USAGE = YES_ERROR;
				CLANG_WARN_DOCUMENTATION_COMMENTS = YES;
				CLANG_WARN_EMPTY_BODY = YES;
				CLANG_WARN_ENUM_CONVERSION = YES;
				CLANG_WARN_INFINITE_RECURSION = YES;
				CLANG_WARN_INT_CONVERSION = YES;
				CLANG_WARN_OBJC_ROOT_CLASS = YES_ERROR;
				CLANG_WARN_SUSPICIOUS_MOVE = YES;
				CLANG_WARN_UNREACHABLE_CODE = YES;
				CLANG_WARN__DUPLICATE_METHOD_MATCH = YES;
				"CODE_SIGN_IDENTITY[sdk=iphoneos*]" = "iPhone Developer";
				COPY_PHASE_STRIP = NO;
				DEBUG_INFORMATION_FORMAT = "dwarf-with-dsym";
				ENABLE_NS_ASSERTIONS = NO;
				ENABLE_STRICT_OBJC_MSGSEND = YES;
				GCC_C_LANGUAGE_STANDARD = gnu99;
				GCC_NO_COMMON_BLOCKS = YES;
				GCC_WARN_64_TO_32_BIT_CONVERSION = YES;
				GCC_WARN_ABOUT_RETURN_TYPE = YES_ERROR;
				GCC_WARN_UNDECLARED_SELECTOR = YES;
				GCC_WARN_UNINITIALIZED_AUTOS = YES_AGGRESSIVE;
				GCC_WARN_UNUSED_FUNCTION = YES;
				GCC_WARN_UNUSED_VARIABLE = YES;
				IPHONEOS_DEPLOYMENT_TARGET = 10.2;
				MTL_ENABLE_DEBUG_INFO = NO;
				SDKROOT = iphoneos;
				SWIFT_OPTIMIZATION_LEVEL = "-Owholemodule";
				TARGETED_DEVICE_FAMILY = "1,2";
				VALIDATE_PRODUCT = YES;
			};
			name = Release;
		};
		F4AD8AED1E7D3C310081F2F3 /* Debug */ = {
			isa = XCBuildConfiguration;
			baseConfigurationReference = 6E25C8B0E62EC80BFED04877 /* Pods-EventGo-iOSApp.debug.xcconfig */;
			buildSettings = {
				ALWAYS_SEARCH_USER_PATHS = NO;
				ASSETCATALOG_COMPILER_APPICON_NAME = AppIcon;
				"CODE_SIGN_IDENTITY[sdk=iphoneos*]" = "iPhone Distribution";
				DEVELOPMENT_TEAM = 46L7LRCV4G;
				ENABLE_BITCODE = NO;
				FRAMEWORK_SEARCH_PATHS = (
					"$(inherited)",
					"$(PROJECT_DIR)/EventGo-iOSApp/Libs/FacebookSDK",
					"${PODS_ROOT}/Headers/Public/Firebase",
					"$(PROJECT_DIR)",
				);
				GCC_GENERATE_TEST_COVERAGE_FILES = NO;
				HEADER_SEARCH_PATHS = (
					"$(inherited)",
					"${PODS_ROOT}/Firebase/Core/Sources",
					"$(inherited)",
					"${PODS_ROOT}/Google/Headers",
					"$(inherited)",
					"\"${PODS_ROOT}/Headers/Public\"",
					"\"${PODS_ROOT}/Headers/Public/Firebase\"",
					"\"${PODS_ROOT}/Headers/Public/FirebaseAnalytics\"",
					"\"${PODS_ROOT}/Headers/Public/FirebaseCore\"",
					"\"${PODS_ROOT}/Headers/Public/FirebaseCrash\"",
					"\"${PODS_ROOT}/Headers/Public/FirebaseInstanceID\"",
					"\"${PODS_ROOT}/Headers/Public/Google\"",
					"\"${PODS_ROOT}/Headers/Public/Google-Mobile-Ads-SDK\"",
					"\"${PODS_ROOT}/Headers/Public/GoogleAnalytics\"",
					"\"${PODS_ROOT}/Headers/Public/GoogleAppUtilities\"",
					"\"${PODS_ROOT}/Headers/Public/GoogleInterchangeUtilities\"",
					"\"${PODS_ROOT}/Headers/Public/GoogleMaps\"",
					"\"${PODS_ROOT}/Headers/Public/GooglePlacePicker\"",
					"\"${PODS_ROOT}/Headers/Public/GooglePlaces\"",
					"\"${PODS_ROOT}/Headers/Public/GoogleSignIn\"",
					"\"${PODS_ROOT}/Headers/Public/GoogleSymbolUtilities\"",
				);
				INFOPLIST_FILE = "EventGo-iOSApp/Info.plist";
				IPHONEOS_DEPLOYMENT_TARGET = 9.0;
				LD_RUNPATH_SEARCH_PATHS = "$(inherited) @executable_path/Frameworks";
				LIBRARY_SEARCH_PATHS = (
					"$(inherited)",
					"${PODS_ROOT}/Firebase/Core/Sources",
					"${PODS_ROOT}/GoogleAnalytics/Libraries",
				);
				PRODUCT_BUNDLE_IDENTIFIER = com.eventgo.app;
				PRODUCT_NAME = "$(TARGET_NAME)";
				PROVISIONING_PROFILE = "ea981b4d-17ce-477b-afe6-74850da165ac";
				PROVISIONING_PROFILE_SPECIFIER = "Event Go App Client";
				SWIFT_INCLUDE_PATHS = "$(inherited)";
				SWIFT_OBJC_BRIDGING_HEADER = "EventGo-iOSApp/EventGo-iOSApp-Bridging-Header.h";
				SWIFT_VERSION = 3.0;
			};
			name = Debug;
		};
		F4AD8AEE1E7D3C310081F2F3 /* Release */ = {
			isa = XCBuildConfiguration;
			baseConfigurationReference = ACC9B2288DB560C0D3B72361 /* Pods-EventGo-iOSApp.release.xcconfig */;
			buildSettings = {
				ALWAYS_SEARCH_USER_PATHS = NO;
				ASSETCATALOG_COMPILER_APPICON_NAME = AppIcon;
				"CODE_SIGN_IDENTITY[sdk=iphoneos*]" = "iPhone Distribution";
				DEVELOPMENT_TEAM = 46L7LRCV4G;
				ENABLE_BITCODE = NO;
				FRAMEWORK_SEARCH_PATHS = (
					"$(inherited)",
					"$(PROJECT_DIR)/EventGo-iOSApp/Libs/FacebookSDK",
				);
				GCC_GENERATE_TEST_COVERAGE_FILES = NO;
				HEADER_SEARCH_PATHS = (
					"$(inherited)",
					"${PODS_ROOT}/Firebase/Core/Sources",
					"$(inherited)",
					"${PODS_ROOT}/Google/Headers",
					"$(inherited)",
					"\"${PODS_ROOT}/Headers/Public\"",
					"\"${PODS_ROOT}/Headers/Public/Firebase\"",
					"\"${PODS_ROOT}/Headers/Public/FirebaseAnalytics\"",
					"\"${PODS_ROOT}/Headers/Public/FirebaseCore\"",
					"\"${PODS_ROOT}/Headers/Public/FirebaseCrash\"",
					"\"${PODS_ROOT}/Headers/Public/FirebaseInstanceID\"",
					"\"${PODS_ROOT}/Headers/Public/Google\"",
					"\"${PODS_ROOT}/Headers/Public/Google-Mobile-Ads-SDK\"",
					"\"${PODS_ROOT}/Headers/Public/GoogleAnalytics\"",
					"\"${PODS_ROOT}/Headers/Public/GoogleAppUtilities\"",
					"\"${PODS_ROOT}/Headers/Public/GoogleInterchangeUtilities\"",
					"\"${PODS_ROOT}/Headers/Public/GoogleMaps\"",
					"\"${PODS_ROOT}/Headers/Public/GooglePlacePicker\"",
					"\"${PODS_ROOT}/Headers/Public/GooglePlaces\"",
					"\"${PODS_ROOT}/Headers/Public/GoogleSignIn\"",
					"\"${PODS_ROOT}/Headers/Public/GoogleSymbolUtilities\"",
				);
				INFOPLIST_FILE = "EventGo-iOSApp/Info.plist";
				IPHONEOS_DEPLOYMENT_TARGET = 9.0;
				LD_RUNPATH_SEARCH_PATHS = "$(inherited) @executable_path/Frameworks";
				LIBRARY_SEARCH_PATHS = (
					"$(inherited)",
					"${PODS_ROOT}/Firebase/Core/Sources",
					"${PODS_ROOT}/GoogleAnalytics/Libraries",
				);
				PRODUCT_BUNDLE_IDENTIFIER = com.eventgo.app;
				PRODUCT_NAME = "$(TARGET_NAME)";
				PROVISIONING_PROFILE = "ea981b4d-17ce-477b-afe6-74850da165ac";
				PROVISIONING_PROFILE_SPECIFIER = "Event Go App Client";
				SWIFT_INCLUDE_PATHS = "$(inherited)";
				SWIFT_OBJC_BRIDGING_HEADER = "EventGo-iOSApp/EventGo-iOSApp-Bridging-Header.h";
				SWIFT_VERSION = 3.0;
			};
			name = Release;
		};
		F4AD8AF01E7D3C310081F2F3 /* Debug */ = {
			isa = XCBuildConfiguration;
			baseConfigurationReference = D2970CF6CE73C5F35F28774B /* Pods-EventGo-iOSApp-EventGo-iOSAppTests.debug.xcconfig */;
			buildSettings = {
				ALWAYS_EMBED_SWIFT_STANDARD_LIBRARIES = YES;
				BUNDLE_LOADER = "$(TEST_HOST)";
				DEVELOPMENT_TEAM = ZPV9U8ULVA;
				INFOPLIST_FILE = "EventGo-iOSAppTests/Info.plist";
				LD_RUNPATH_SEARCH_PATHS = "$(inherited) @executable_path/Frameworks @loader_path/Frameworks";
				PRODUCT_BUNDLE_IDENTIFIER = "com.eventgo.ev.EventGo-iOSAppTests";
				PRODUCT_NAME = "$(TARGET_NAME)";
				SWIFT_VERSION = 3.0;
				TEST_HOST = "$(BUILT_PRODUCTS_DIR)/EventGo-iOSApp.app/EventGo-iOSApp";
			};
			name = Debug;
		};
		F4AD8AF11E7D3C310081F2F3 /* Release */ = {
			isa = XCBuildConfiguration;
			baseConfigurationReference = 30D79559D6DA0A5159C6CCD0 /* Pods-EventGo-iOSApp-EventGo-iOSAppTests.release.xcconfig */;
			buildSettings = {
				ALWAYS_EMBED_SWIFT_STANDARD_LIBRARIES = YES;
				BUNDLE_LOADER = "$(TEST_HOST)";
				DEVELOPMENT_TEAM = ZPV9U8ULVA;
				INFOPLIST_FILE = "EventGo-iOSAppTests/Info.plist";
				LD_RUNPATH_SEARCH_PATHS = "$(inherited) @executable_path/Frameworks @loader_path/Frameworks";
				PRODUCT_BUNDLE_IDENTIFIER = "com.eventgo.ev.EventGo-iOSAppTests";
				PRODUCT_NAME = "$(TARGET_NAME)";
				SWIFT_VERSION = 3.0;
				TEST_HOST = "$(BUILT_PRODUCTS_DIR)/EventGo-iOSApp.app/EventGo-iOSApp";
			};
			name = Release;
		};
/* End XCBuildConfiguration section */

/* Begin XCConfigurationList section */
		F4AD8ACA1E7D3C310081F2F3 /* Build configuration list for PBXProject "EventGo-iOSApp" */ = {
			isa = XCConfigurationList;
			buildConfigurations = (
				F4AD8AEA1E7D3C310081F2F3 /* Debug */,
				F4AD8AEB1E7D3C310081F2F3 /* Release */,
			);
			defaultConfigurationIsVisible = 0;
			defaultConfigurationName = Release;
		};
		F4AD8AEC1E7D3C310081F2F3 /* Build configuration list for PBXNativeTarget "EventGo-iOSApp" */ = {
			isa = XCConfigurationList;
			buildConfigurations = (
				F4AD8AED1E7D3C310081F2F3 /* Debug */,
				F4AD8AEE1E7D3C310081F2F3 /* Release */,
			);
			defaultConfigurationIsVisible = 0;
			defaultConfigurationName = Release;
		};
		F4AD8AEF1E7D3C310081F2F3 /* Build configuration list for PBXNativeTarget "EventGo-iOSAppTests" */ = {
			isa = XCConfigurationList;
			buildConfigurations = (
				F4AD8AF01E7D3C310081F2F3 /* Debug */,
				F4AD8AF11E7D3C310081F2F3 /* Release */,
			);
			defaultConfigurationIsVisible = 0;
			defaultConfigurationName = Release;
		};
/* End XCConfigurationList section */
	};
	rootObject = F4AD8AC71E7D3C310081F2F3 /* Project object */;
}
