PODS:
  - Alamofire (4.4.0)
  - AlamofireImage (3.2.0):
    - Alamofire (~> 4.1)
  - AnimatedTextInput (0.5.1)
  - ChameleonFramework (2.1.0):
    - ChameleonFramework/Default (= 2.1.0)
  - ChameleonFramework/Default (2.1.0)
  - DZNEmptyDataSet (1.8.1)
  - ESPullToRefresh (2.6)
  - EZLoadingActivity (1.01)
  - Firebase/AdMob (3.17.0):
    - Firebase/Core
    - Google-Mobile-Ads-SDK (= 7.19.1)
  - Firebase/Core (3.17.0):
    - FirebaseAnalytics (= 3.9.0)
    - FirebaseCore (= 3.6.0)
  - Firebase/Crash (3.17.0):
    - Firebase/Core
    - FirebaseCrash (= 1.1.6)
  - FirebaseAnalytics (3.9.0):
    - FirebaseCore (~> 3.6)
    - FirebaseInstanceID (~> 1.0)
    - GoogleToolboxForMac/NSData+zlib (~> 2.1)
  - FirebaseCore (3.6.0):
    - GoogleToolboxForMac/NSData+zlib (~> 2.1)
  - FirebaseCrash (1.1.6):
    - FirebaseAnalytics (~> 3.7)
    - FirebaseInstanceID (~> 1.0)
    - GoogleToolboxForMac/Logger (~> 2.1)
    - GoogleToolboxForMac/NSData+zlib (~> 2.1)
    - Protobuf (~> 3.1)
  - FirebaseInstanceID (1.0.10):
    - FirebaseCore (~> 3.6)
  - Google-Mobile-Ads-SDK (7.19.1)
  - Google/Analytics (3.0.3):
    - Google/Core
    - GoogleAnalytics (~> 3.12)
  - Google/Core (3.0.3):
    - FirebaseAnalytics (~> 3.2)
  - Google/SignIn (3.0.3):
    - Google/Core
    - GoogleSignIn (~> 4.0)
  - GoogleAnalytics (3.17.0)
  - GoogleMaps (2.2.0):
    - GoogleMaps/Maps (= 2.2.0)
  - GoogleMaps/Base (2.2.0)
  - GoogleMaps/Maps (2.2.0):
    - GoogleMaps/Base
  - GooglePlacePicker (2.2.0):
    - GoogleMaps (= 2.2.0)
    - GooglePlaces (= 2.2.0)
  - GooglePlaces (2.2.0):
    - GoogleMaps/Base (= 2.2.0)
  - GoogleSignIn (4.0.2):
    - GoogleToolboxForMac/NSDictionary+URLArguments (~> 2.1)
    - GoogleToolboxForMac/NSString+URLArguments (~> 2.1)
    - GTMOAuth2 (~> 1.0)
    - GTMSessionFetcher/Core (~> 1.1)
  - GoogleToolboxForMac/DebugUtils (2.1.1):
    - GoogleToolboxForMac/Defines (= 2.1.1)
  - GoogleToolboxForMac/Defines (2.1.1)
  - GoogleToolboxForMac/Logger (2.1.1):
    - GoogleToolboxForMac/Defines (= 2.1.1)
  - GoogleToolboxForMac/NSData+zlib (2.1.1):
    - GoogleToolboxForMac/Defines (= 2.1.1)
  - GoogleToolboxForMac/NSDictionary+URLArguments (2.1.1):
    - GoogleToolboxForMac/DebugUtils (= 2.1.1)
    - GoogleToolboxForMac/Defines (= 2.1.1)
    - GoogleToolboxForMac/NSString+URLArguments (= 2.1.1)
  - GoogleToolboxForMac/NSString+URLArguments (2.1.1)
  - GTMOAuth2 (1.1.4):
    - GTMSessionFetcher (~> 1.1)
  - GTMSessionFetcher (1.1.9):
    - GTMSessionFetcher/Full (= 1.1.9)
  - GTMSessionFetcher/Core (1.1.9)
  - GTMSessionFetcher/Full (1.1.9):
    - GTMSessionFetcher/Core (= 1.1.9)
  - HTMLReader (2.0.5)
  - JDAnimationKit (1.1):
    - pop (~> 1.0)
  - MBProgressHUD (1.0.0)
  - OAStackView (1.0.1)
  - pop (1.0.9)
  - Protobuf (3.3.0)
  - Pulsator (0.3.0)
  - Realm (2.7.0):
    - Realm/Headers (= 2.7.0)
  - Realm/Headers (2.7.0)
  - RealmSwift (2.7.0):
    - Realm (= 2.7.0)
  - RxCocoa (3.4.1):
    - RxSwift (~> 3.4)
  - RxSwift (3.4.1)
  - SCLAlertView (0.7.0)
  - SnapKit (3.2.0)
  - SwiftyJSON (3.1.4)
  - Toaster (2.0.3)
  - UICollectionViewLeftAlignedLayout (1.0.2)
  - XCGLogger (4.0.0):
    - XCGLogger/Core (= 4.0.0)
  - XCGLogger/Core (4.0.0)

DEPENDENCIES:
  - AlamofireImage (~> 3.1)
  - AnimatedTextInput (~> 0.4)
  - ChameleonFramework (~> 2.1)
  - DZNEmptyDataSet
  - ESPullToRefresh (~> 2.6)
  - EZLoadingActivity
  - Firebase/AdMob
  - Firebase/Core
  - Firebase/Crash
  - Google/Analytics
  - Google/SignIn
  - GoogleMaps
  - GooglePlacePicker
  - GooglePlaces
  - HTMLReader (~> 2.0)
  - JDAnimationKit
  - MBProgressHUD (~> 1.0)
  - OAStackView (~> 1.0)
  - Pulsator
  - RealmSwift (~> 2.4)
  - RxCocoa (~> 3.0)
  - RxSwift (~> 3.0)
  - SCLAlertView (~> 0.7)
  - SnapKit
  - SwiftyJSON
  - Toaster (~> 2.0)
  - UICollectionViewLeftAlignedLayout
  - XCGLogger (~> 4.0.0)

SPEC CHECKSUMS:
  Alamofire: dc44b1600b800eb63da6a19039a0083d62a6a62d
  AlamofireImage: 157ed682cc81d3b9db4fb90c1f12180ac552d93b
  AnimatedTextInput: 0fde4c9c8d71dafc032b9b222531a788767536fb
  ChameleonFramework: d21a3cc247abfe5e37609a283a8238b03575cf64
  DZNEmptyDataSet: 9525833b9e68ac21c30253e1d3d7076cc828eaa7
  ESPullToRefresh: 85f4990acf87f78c6a1466bbbee7a75d7de24db9
  EZLoadingActivity: edd7e387e5197b116ce2cccb3fd747ababc2a510
  Firebase: 4b66b5b59c43edac745b87f0c87e42cdd0279c13
  FirebaseAnalytics: e5fe8486efc01bec33f6bf82e2fa9fce4b124052
  FirebaseCore: 9691ee2ade70c098d7cf92440f4303f16d83ca75
  FirebaseCrash: db4c05d9c75baa050744d31b36357c8f1efba481
  FirebaseInstanceID: b9eedd6846fb5e1f0f7279e1deaa7a7e4cf8392e
  Google: 813c467362eabc11385f5a5cc9ad0cb651a58f4e
  Google-Mobile-Ads-SDK: 43ac87810e4961f5093024d3525bfe022f956da3
  GoogleAnalytics: f42cc53a87a51fe94334821868d9c8481ff47a7b
  GoogleMaps: 104c418d61ab8a05dff06ed0784c25ea9d37da45
  GooglePlacePicker: 345b1aabd42c9d6d9bf2369c1bae1234d903e764
  GooglePlaces: bca867d5e9da15384c794b945e4226848bc6e9d9
  GoogleSignIn: d7ad83f13480e1f30453471d00d19b5293ac46af
  GoogleToolboxForMac: 8e329f1b599f2512c6b10676d45736bcc2cbbeb0
  GTMOAuth2: 7fc9c10f5c745f4d9850419ea88889fe3baa6b7d
  GTMSessionFetcher: 5c046c76a1f859bc9c187e918f18e4fc7bb57b5e
  HTMLReader: 979c66cd2b23c67e0b45a4b3e0ab8ce933a3e71a
  JDAnimationKit: 2b72de95282fdc8b5f1a240a311531bdfeee9199
  MBProgressHUD: 4890f671c94e8a0f3cf959aa731e9de2f036d71a
  OAStackView: 95e7cb79cbea25c2342f496a44bdbe8bd4c8d510
  pop: f667631a5108a2e60d9e8797c9b32ddaf2080bce
  Protobuf: d582fecf68201eac3d79ed61369ef45734394b9c
  Pulsator: 0191f14f7ab82d6dbde6fdbde42036f07a4450e3
  Realm: 07e5d3a9e0e41d65fd5f9f05150ed6295d0f093b
  RealmSwift: 6d06425d3900c86473c4f323bf6949b43fca22bc
  RxCocoa: a8a5f1d061d0043e28f56976829f31ce63e8eb09
  RxSwift: 656f8fbeca5bc372121a72d9ebdd3cd3bc0ffade
  SCLAlertView: 8a14ffc40590c619e183eed2298b854385f30be1
  SnapKit: 1ca44df72cfa543218d177cb8aab029d10d86ea7
  SwiftyJSON: c2842d878f95482ffceec5709abc3d05680c0220
  Toaster: 77c0b03d78e680bbbab0071c9c7ee392b0034010
  UICollectionViewLeftAlignedLayout: 830bf6fa5bab9f9b464f62e3384f9d2e00b3c0f6
  XCGLogger: 38063ea89b4c8b23232d18efd2e12eb0005f3ea4

PODFILE CHECKSUM: 52b916c8fc60f384344bf1fa116b8d7dde3f6bf1

COCOAPODS: 1.2.0
