PODS:
  - Alamofire (4.4.0)
  - AlamofireImage (3.2.0):
    - Alamofire (~> 4.1)
  - AnimatedTextInput (0.5.0)
  - ChameleonFramework (2.1.0):
    - ChameleonFramework/Default (= 2.1.0)
  - ChameleonFramework/Default (2.1.0)
  - Firebase/AdMob (3.14.0):
    - Firebase/Core
    - Google-Mobile-Ads-SDK (= 7.18.0)
  - Firebase/Core (3.14.0):
    - FirebaseAnalytics (= 3.7.0)
    - FirebaseCore (= 3.5.1)
  - Firebase/Crash (3.14.0):
    - Firebase/Core
    - FirebaseCrash (= 1.1.6)
  - FirebaseAnalytics (3.7.0):
    - FirebaseCore (~> 3.5)
    - FirebaseInstanceID (~> 1.0)
    - GoogleToolboxForMac/NSData+zlib (~> 2.1)
  - FirebaseCore (3.5.1):
    - GoogleToolboxForMac/NSData+zlib (~> 2.1)
  - FirebaseCrash (1.1.6):
    - FirebaseAnalytics (~> 3.7)
    - FirebaseInstanceID (~> 1.0)
    - GoogleToolboxForMac/Logger (~> 2.1)
    - GoogleToolboxForMac/NSData+zlib (~> 2.1)
    - Protobuf (~> 3.1)
  - FirebaseInstanceID (1.0.9)
  - Google-Mobile-Ads-SDK (7.18.0)
  - Google/Analytics (3.0.3):
    - Google/Core
    - GoogleAnalytics (~> 3.12)
  - Google/Core (3.0.3):
    - FirebaseAnalytics (~> 3.2)
  - Google/SignIn (3.0.3):
    - Google/Core
    - GoogleSignIn (~> 4.0)
  - GoogleAnalytics (3.17.0)
  - GoogleMaps (2.2.0):
    - GoogleMaps/Maps (= 2.2.0)
  - GoogleMaps/Base (2.2.0)
  - GoogleMaps/Maps (2.2.0):
    - GoogleMaps/Base
  - GooglePlacePicker (2.2.0):
    - GoogleMaps (= 2.2.0)
    - GooglePlaces (= 2.2.0)
  - GooglePlaces (2.2.0):
    - GoogleMaps/Base (= 2.2.0)
  - GoogleSignIn (4.0.2):
    - GoogleToolboxForMac/NSDictionary+URLArguments (~> 2.1)
    - GoogleToolboxForMac/NSString+URLArguments (~> 2.1)
    - GTMOAuth2 (~> 1.0)
    - GTMSessionFetcher/Core (~> 1.1)
  - GoogleToolboxForMac/DebugUtils (2.1.1):
    - GoogleToolboxForMac/Defines (= 2.1.1)
  - GoogleToolboxForMac/Defines (2.1.1)
  - GoogleToolboxForMac/Logger (2.1.1):
    - GoogleToolboxForMac/Defines (= 2.1.1)
  - GoogleToolboxForMac/NSData+zlib (2.1.1):
    - GoogleToolboxForMac/Defines (= 2.1.1)
  - GoogleToolboxForMac/NSDictionary+URLArguments (2.1.1):
    - GoogleToolboxForMac/DebugUtils (= 2.1.1)
    - GoogleToolboxForMac/Defines (= 2.1.1)
    - GoogleToolboxForMac/NSString+URLArguments (= 2.1.1)
  - GoogleToolboxForMac/NSString+URLArguments (2.1.1)
  - GTMOAuth2 (1.1.4):
    - GTMSessionFetcher (~> 1.1)
  - GTMSessionFetcher (1.1.8):
    - GTMSessionFetcher/Full (= 1.1.8)
  - GTMSessionFetcher/Core (1.1.8)
  - GTMSessionFetcher/Full (1.1.8):
    - GTMSessionFetcher/Core (= 1.1.8)
  - HTMLReader (2.0.3)
  - OAStackView (1.0.1)
  - Protobuf (3.2.0)
  - Realm (2.4.3):
    - Realm/Headers (= 2.4.3)
  - Realm/Headers (2.4.3)
  - RealmSwift (2.4.3):
    - Realm (= 2.4.3)
  - SCLAlertView (0.7.0)
  - SnapKit (3.2.0)
  - SwiftyJSON (3.1.4)
  - UICollectionViewLeftAlignedLayout (1.0.2)
  - XCGLogger (4.0.0):
    - XCGLogger/Core (= 4.0.0)
  - XCGLogger/Core (4.0.0)

DEPENDENCIES:
  - AlamofireImage (~> 3.1)
  - AnimatedTextInput (~> 0.4)
  - ChameleonFramework (~> 2.1)
  - Firebase/AdMob
  - Firebase/Core
  - Firebase/Crash
  - Google/Analytics
  - Google/SignIn
  - GoogleMaps
  - GooglePlacePicker
  - GooglePlaces
  - HTMLReader (~> 2.0)
  - OAStackView (~> 1.0)
  - RealmSwift (~> 2.4)
  - SCLAlertView (~> 0.7)
  - SnapKit
  - SwiftyJSON
  - UICollectionViewLeftAlignedLayout
  - XCGLogger (~> 4.0.0)

SPEC CHECKSUMS:
  Alamofire: dc44b1600b800eb63da6a19039a0083d62a6a62d
  AlamofireImage: 157ed682cc81d3b9db4fb90c1f12180ac552d93b
  AnimatedTextInput: 876d307ced52d9973c21c91d8b877170ae0c598c
  ChameleonFramework: d21a3cc247abfe5e37609a283a8238b03575cf64
  Firebase: 85a581fb04e44f63ae9f4fbc8d6dabf4a4c18653
  FirebaseAnalytics: 0d1b7d81d5021155be37702a94ba1ec16d45365d
  FirebaseCore: 225d40532489835a034b8f4e2c9c87fbf4f615a2
  FirebaseCrash: db4c05d9c75baa050744d31b36357c8f1efba481
  FirebaseInstanceID: 2d0518b1378fe9d685ef40cbdd63d2fdc1125339
  Google: 813c467362eabc11385f5a5cc9ad0cb651a58f4e
  Google-Mobile-Ads-SDK: 658065b4cb5a299bea254c4d24bf7786b6d3e75d
  GoogleAnalytics: f42cc53a87a51fe94334821868d9c8481ff47a7b
  GoogleMaps: 104c418d61ab8a05dff06ed0784c25ea9d37da45
  GooglePlacePicker: 345b1aabd42c9d6d9bf2369c1bae1234d903e764
  GooglePlaces: bca867d5e9da15384c794b945e4226848bc6e9d9
  GoogleSignIn: d7ad83f13480e1f30453471d00d19b5293ac46af
  GoogleToolboxForMac: 8e329f1b599f2512c6b10676d45736bcc2cbbeb0
  GTMOAuth2: 7fc9c10f5c745f4d9850419ea88889fe3baa6b7d
  GTMSessionFetcher: 6f8d8b28b7e345549ac471071608170b31cb4977
  HTMLReader: 282f41e641eda8938cfcf8c7b7151f70955aee33
  OAStackView: 95e7cb79cbea25c2342f496a44bdbe8bd4c8d510
  Protobuf: 745f59e122e5de98d4d7ef291e264a0eef80f58e
  Realm: e08d60b0048ccccd3949c8c28a92c4db5712d7e9
  RealmSwift: 30d49739ccb3385d201242736ca4dda56aec9dfc
  SCLAlertView: 8a14ffc40590c619e183eed2298b854385f30be1
  SnapKit: 1ca44df72cfa543218d177cb8aab029d10d86ea7
  SwiftyJSON: c2842d878f95482ffceec5709abc3d05680c0220
  UICollectionViewLeftAlignedLayout: 830bf6fa5bab9f9b464f62e3384f9d2e00b3c0f6
  XCGLogger: 38063ea89b4c8b23232d18efd2e12eb0005f3ea4

PODFILE CHECKSUM: 5fcb402dde7b7ce864ab4424687bb1c771766cf1

COCOAPODS: 1.2.0
